
Microsoft Visual Studio Solution File, Format Version 12.00
# Visual Studio Version 17
VisualStudioVersion = 17.4.33213.308
MinimumVisualStudioVersion = 10.0.40219.1
Project("{9A19103F-16F7-4668-BE54-9A1E7A4F7556}") = "bannou-service", "bannou-service\bannou-service.csproj", "{FD238707-4552-4A0E-8F17-6A12CC731B86}"
EndProject
Project("{9A19103F-16F7-4668-BE54-9A1E7A4F7556}") = "service-tester", "service-tester\service-tester.csproj", "{3E450249-3580-4178-BB5E-7F36D254D38E}"
EndProject
Project("{FAE04EC0-301F-11D3-BF4B-00C04F79EFBC}") = "unit-tests", "unit-tests\unit-tests.csproj", "{F33DE2EC-6A19-401A-894F-7E23BB429562}"
EndProject
Global
	GlobalSection(SolutionConfigurationPlatforms) = preSolution
		Debug|Any CPU = Debug|Any CPU
		Release|Any CPU = Release|Any CPU
	EndGlobalSection
	GlobalSection(ProjectConfigurationPlatforms) = postSolution
		{FD238707-4552-4A0E-8F17-6A12CC731B86}.Debug|Any CPU.ActiveCfg = Debug|Any CPU
		{FD238707-4552-4A0E-8F17-6A12CC731B86}.Debug|Any CPU.Build.0 = Debug|Any CPU
		{FD238707-4552-4A0E-8F17-6A12CC731B86}.Release|Any CPU.ActiveCfg = Release|Any CPU
		{FD238707-4552-4A0E-8F17-6A12CC731B86}.Release|Any CPU.Build.0 = Release|Any CPU
		{3E450249-3580-4178-BB5E-7F36D254D38E}.Debug|Any CPU.ActiveCfg = Debug|Any CPU
		{3E450249-3580-4178-BB5E-7F36D254D38E}.Debug|Any CPU.Build.0 = Debug|Any CPU
		{3E450249-3580-4178-BB5E-7F36D254D38E}.Release|Any CPU.ActiveCfg = Release|Any CPU
		{3E450249-3580-4178-BB5E-7F36D254D38E}.Release|Any CPU.Build.0 = Release|Any CPU
		{F33DE2EC-6A19-401A-894F-7E23BB429562}.Debug|Any CPU.ActiveCfg = Debug|Any CPU
		{F33DE2EC-6A19-401A-894F-7E23BB429562}.Debug|Any CPU.Build.0 = Debug|Any CPU
		{F33DE2EC-6A19-401A-894F-7E23BB429562}.Release|Any CPU.ActiveCfg = Release|Any CPU
		{F33DE2EC-6A19-401A-894F-7E23BB429562}.Release|Any CPU.Build.0 = Release|Any CPU
	EndGlobalSection
	GlobalSection(SolutionProperties) = preSolution
		HideSolutionNode = FALSE
	EndGlobalSection
	GlobalSection(ExtensibilityGlobals) = postSolution
		SolutionGuid = {DC13195D-546C-43E1-9AAA-2C0BF08BA428}
	EndGlobalSection
EndGlobal
