
Microsoft Visual Studio Solution File, Format Version 12.00
# Visual Studio Version 17
VisualStudioVersion = 17.4.33213.308
MinimumVisualStudioVersion = 10.0.40219.1
Project("{9A19103F-16F7-4668-BE54-9A1E7A4F7556}") = "bannou-service", "bannou-service\bannou-service.csproj", "{FD238707-4552-4A0E-8F17-6A12CC731B86}"
EndProject
Project("{9A19103F-16F7-4668-BE54-9A1E7A4F7556}") = "service-tester", "edge-tester\service-tester.csproj", "{3E450249-3580-4178-BB5E-7F36D254D38E}"
EndProject
Project("{9A19103F-16F7-4668-BE54-9A1E7A4F7556}") = "http-tester", "http-tester\http-tester.csproj", "{A1B2C3D4-E5F6-7890-1234-567890ABCDEF}"
EndProject
Project("{9A19103F-16F7-4668-BE54-9A1E7A4F7556}") = "lib-testing", "lib-testing\lib-testing.csproj", "{B2C3D4E5-F6A7-8901-2345-67890ABCDEF0}"
EndProject
Project("{9A19103F-16F7-4668-BE54-9A1E7A4F7556}") = "unit-tests", "unit-tests\unit-tests.csproj", "{F33DE2EC-6A19-401A-894F-7E23BB429562}"
EndProject
Project("{2150E333-8FDC-42A3-9474-1A3956D46DE8}") = "Solution Items", "Solution Items", "{BC5C7349-B53D-4B5D-9883-FC3D2288C3BD}"
	ProjectSection(SolutionItems) = preProject
		.editorconfig = .editorconfig
		Makefile = Makefile
		ServiceLib.targets = ServiceLib.targets
	EndProjectSection
EndProject
Project("{2150E333-8FDC-42A3-9474-1A3956D46DE8}") = "Provisioning", "Provisioning", "{6905E47E-6C04-4CF6-894F-2643528E490D}"
	ProjectSection(SolutionItems) = preProject
		provisioning\docker-compose.ci.yml = provisioning\docker-compose.ci.yml
		provisioning\docker-compose.ek.yml = provisioning\docker-compose.ek.yml
		provisioning\docker-compose.elk.yml = provisioning\docker-compose.elk.yml
		provisioning\docker-compose.ingress.yml = provisioning\docker-compose.ingress.yml
		provisioning\docker-compose.local.ingress.yml = provisioning\docker-compose.local.ingress.yml
		provisioning\docker-compose.local.yml = provisioning\docker-compose.local.yml
		provisioning\docker-compose.yml = provisioning\docker-compose.yml
		provisioning\Dockerfile = provisioning\Dockerfile
	EndProjectSection
EndProject
Project("{2150E333-8FDC-42A3-9474-1A3956D46DE8}") = "Github", "Github", "{8104DBD9-C9EB-460A-842B-9385C32836C6}"
	ProjectSection(SolutionItems) = preProject
		.github\dependabot.yml = .github\dependabot.yml
		.github\pull_request_template.md = .github\pull_request_template.md
	EndProjectSection
EndProject
Project("{2150E333-8FDC-42A3-9474-1A3956D46DE8}") = "Documentation", "Documentation", "{1E4033CE-EDE2-4140-ABB1-0B55250255F9}"
	ProjectSection(SolutionItems) = preProject
		.github\CONTRIBUTING.md = .github\CONTRIBUTING.md
		LICENSE = LICENSE
		README.md = README.md
	EndProjectSection
EndProject
Project("{2150E333-8FDC-42A3-9474-1A3956D46DE8}") = "Scripts", "Scripts", "{4F07AA77-C49C-498D-BFA1-B47D0139E021}"
	ProjectSection(SolutionItems) = preProject
		build-service-libs.sh = build-service-libs.sh
		infrastructure-tests.sh = infrastructure-tests.sh
		wait-for-health.sh = wait-for-health.sh
	EndProjectSection
EndProject
Project("{2150E333-8FDC-42A3-9474-1A3956D46DE8}") = "Workflows", "Workflows", "{9DF51A7F-2307-41EC-97DD-EBC30BF8B859}"
	ProjectSection(SolutionItems) = preProject
		.github\workflows\ci.integration.yml = .github\workflows\ci.integration.yml
		.github\workflows\ci.lint.yml = .github\workflows\ci.lint.yml
		.github\workflows\ci.unit.yml = .github\workflows\ci.unit.yml
	EndProjectSection
EndProject
Project("{2150E333-8FDC-42A3-9474-1A3956D46DE8}") = "dapr", "dapr", "{F8C5D693-9796-4F4E-9627-98A16A3720BE}"
EndProject
Project("{2150E333-8FDC-42A3-9474-1A3956D46DE8}") = "components", "components", "{288184FE-562A-4E3A-8BAF-DB6ED084A6C7}"
	ProjectSection(SolutionItems) = preProject
		provisioning\dapr\components\account-redis.yaml = provisioning\dapr\components\account-redis.yaml
		provisioning\dapr\components\accout-postgres.yaml = provisioning\dapr\components\accout-postgres.yaml
	EndProjectSection
EndProject
Project("{2150E333-8FDC-42A3-9474-1A3956D46DE8}") = "mysql", "mysql", "{4D5FB375-61CA-4538-8393-1C74FA1F8E8F}"
	ProjectSection(SolutionItems) = preProject
		provisioning\mysql\my.cnf = provisioning\mysql\my.cnf
	EndProjectSection
EndProject
Project("{2150E333-8FDC-42A3-9474-1A3956D46DE8}") = "logstash", "logstash", "{1BA3E060-714F-483C-9369-9339C75CF1AC}"
	ProjectSection(SolutionItems) = preProject
		provisioning\logstash\logstash.elk.conf = provisioning\logstash\logstash.elk.conf
	EndProjectSection
EndProject
Project("{2150E333-8FDC-42A3-9474-1A3956D46DE8}") = "filebeat", "filebeat", "{5D22D6B5-738C-41F6-9AE3-AFEF67B7C4A1}"
	ProjectSection(SolutionItems) = preProject
		provisioning\filebeat\filebeat.console.yml = provisioning\filebeat\filebeat.console.yml
		provisioning\filebeat\filebeat.ek.yml = provisioning\filebeat\filebeat.ek.yml
		provisioning\filebeat\filebeat.elk.yml = provisioning\filebeat\filebeat.elk.yml
	EndProjectSection
EndProject
Project("{2150E333-8FDC-42A3-9474-1A3956D46DE8}") = "run-init", "run-init", "{FD9DCE8B-2D61-48A1-B215-EC10C5AFA54A}"
	ProjectSection(SolutionItems) = preProject
		provisioning\mysql\run-init\grant-permissions.sql = provisioning\mysql\run-init\grant-permissions.sql
	EndProjectSection
EndProject
Project("{FAE04EC0-301F-11D3-BF4B-00C04F79EFBC}") = "lib-behavior", "lib-behavior\lib-behavior.csproj", "{BE805579-8F99-455F-BEFA-10D86C5398CD}"
EndProject
Project("{FAE04EC0-301F-11D3-BF4B-00C04F79EFBC}") = "lib-website", "lib-website\lib-website.csproj", "{A93EB50A-5892-4C20-AAFB-B865313171F9}"
EndProject
Project("{FAE04EC0-301F-11D3-BF4B-00C04F79EFBC}") = "lib-game-session", "lib-game-session\lib-game-session.csproj", "{DCD62DD4-D16A-484B-ACF8-77FB2A107F41}"
EndProject
Project("{FAE04EC0-301F-11D3-BF4B-00C04F79EFBC}") = "lib-permissions", "lib-permissions\lib-permissions.csproj", "{32F4896D-B2FF-428F-8A1E-8DAC8BFB6A5E}"
EndProject
Global
	GlobalSection(SolutionConfigurationPlatforms) = preSolution
		Debug|Any CPU = Debug|Any CPU
		Debug|x64 = Debug|x64
		Debug|x86 = Debug|x86
		Development|Any CPU = Development|Any CPU
		Development|x64 = Development|x64
		Development|x86 = Development|x86
		Release|Any CPU = Release|Any CPU
		Release|x64 = Release|x64
		Release|x86 = Release|x86
	EndGlobalSection
	GlobalSection(ProjectConfigurationPlatforms) = postSolution
		{FD238707-4552-4A0E-8F17-6A12CC731B86}.Debug|Any CPU.ActiveCfg = Debug|Any CPU
		{FD238707-4552-4A0E-8F17-6A12CC731B86}.Debug|Any CPU.Build.0 = Debug|Any CPU
		{FD238707-4552-4A0E-8F17-6A12CC731B86}.Debug|x64.ActiveCfg = Debug|Any CPU
		{FD238707-4552-4A0E-8F17-6A12CC731B86}.Debug|x64.Build.0 = Debug|Any CPU
		{FD238707-4552-4A0E-8F17-6A12CC731B86}.Debug|x86.ActiveCfg = Debug|Any CPU
		{FD238707-4552-4A0E-8F17-6A12CC731B86}.Debug|x86.Build.0 = Debug|Any CPU
		{FD238707-4552-4A0E-8F17-6A12CC731B86}.Development|Any CPU.ActiveCfg = Development|Any CPU
		{FD238707-4552-4A0E-8F17-6A12CC731B86}.Development|Any CPU.Build.0 = Development|Any CPU
		{FD238707-4552-4A0E-8F17-6A12CC731B86}.Development|x64.ActiveCfg = Development|Any CPU
		{FD238707-4552-4A0E-8F17-6A12CC731B86}.Development|x64.Build.0 = Development|Any CPU
		{FD238707-4552-4A0E-8F17-6A12CC731B86}.Development|x86.ActiveCfg = Development|Any CPU
		{FD238707-4552-4A0E-8F17-6A12CC731B86}.Development|x86.Build.0 = Development|Any CPU
		{FD238707-4552-4A0E-8F17-6A12CC731B86}.Release|Any CPU.ActiveCfg = Release|Any CPU
		{FD238707-4552-4A0E-8F17-6A12CC731B86}.Release|Any CPU.Build.0 = Release|Any CPU
		{FD238707-4552-4A0E-8F17-6A12CC731B86}.Release|x64.ActiveCfg = Release|Any CPU
		{FD238707-4552-4A0E-8F17-6A12CC731B86}.Release|x64.Build.0 = Release|Any CPU
		{FD238707-4552-4A0E-8F17-6A12CC731B86}.Release|x86.ActiveCfg = Release|Any CPU
		{FD238707-4552-4A0E-8F17-6A12CC731B86}.Release|x86.Build.0 = Release|Any CPU
		{3E450249-3580-4178-BB5E-7F36D254D38E}.Debug|Any CPU.ActiveCfg = Debug|Any CPU
		{3E450249-3580-4178-BB5E-7F36D254D38E}.Debug|Any CPU.Build.0 = Debug|Any CPU
		{3E450249-3580-4178-BB5E-7F36D254D38E}.Debug|x64.ActiveCfg = Debug|Any CPU
		{3E450249-3580-4178-BB5E-7F36D254D38E}.Debug|x64.Build.0 = Debug|Any CPU
		{3E450249-3580-4178-BB5E-7F36D254D38E}.Debug|x86.ActiveCfg = Debug|Any CPU
		{3E450249-3580-4178-BB5E-7F36D254D38E}.Debug|x86.Build.0 = Debug|Any CPU
		{3E450249-3580-4178-BB5E-7F36D254D38E}.Development|Any CPU.ActiveCfg = Development|Any CPU
		{3E450249-3580-4178-BB5E-7F36D254D38E}.Development|Any CPU.Build.0 = Development|Any CPU
		{3E450249-3580-4178-BB5E-7F36D254D38E}.Development|x64.ActiveCfg = Development|Any CPU
		{3E450249-3580-4178-BB5E-7F36D254D38E}.Development|x64.Build.0 = Development|Any CPU
		{3E450249-3580-4178-BB5E-7F36D254D38E}.Development|x86.ActiveCfg = Development|Any CPU
		{3E450249-3580-4178-BB5E-7F36D254D38E}.Development|x86.Build.0 = Development|Any CPU
		{3E450249-3580-4178-BB5E-7F36D254D38E}.Release|Any CPU.ActiveCfg = Release|Any CPU
		{3E450249-3580-4178-BB5E-7F36D254D38E}.Release|Any CPU.Build.0 = Release|Any CPU
		{3E450249-3580-4178-BB5E-7F36D254D38E}.Release|x64.ActiveCfg = Release|Any CPU
		{3E450249-3580-4178-BB5E-7F36D254D38E}.Release|x64.Build.0 = Release|Any CPU
		{3E450249-3580-4178-BB5E-7F36D254D38E}.Release|x86.ActiveCfg = Release|Any CPU
		{3E450249-3580-4178-BB5E-7F36D254D38E}.Release|x86.Build.0 = Release|Any CPU
		{A1B2C3D4-E5F6-7890-1234-567890ABCDEF}.Debug|Any CPU.ActiveCfg = Debug|Any CPU
		{A1B2C3D4-E5F6-7890-1234-567890ABCDEF}.Debug|Any CPU.Build.0 = Debug|Any CPU
		{A1B2C3D4-E5F6-7890-1234-567890ABCDEF}.Debug|x64.ActiveCfg = Debug|Any CPU
		{A1B2C3D4-E5F6-7890-1234-567890ABCDEF}.Debug|x64.Build.0 = Debug|Any CPU
		{A1B2C3D4-E5F6-7890-1234-567890ABCDEF}.Debug|x86.ActiveCfg = Debug|Any CPU
		{A1B2C3D4-E5F6-7890-1234-567890ABCDEF}.Debug|x86.Build.0 = Debug|Any CPU
		{A1B2C3D4-E5F6-7890-1234-567890ABCDEF}.Development|Any CPU.ActiveCfg = Development|Any CPU
		{A1B2C3D4-E5F6-7890-1234-567890ABCDEF}.Development|Any CPU.Build.0 = Development|Any CPU
		{A1B2C3D4-E5F6-7890-1234-567890ABCDEF}.Development|x64.ActiveCfg = Development|Any CPU
		{A1B2C3D4-E5F6-7890-1234-567890ABCDEF}.Development|x64.Build.0 = Development|Any CPU
		{A1B2C3D4-E5F6-7890-1234-567890ABCDEF}.Development|x86.ActiveCfg = Development|Any CPU
		{A1B2C3D4-E5F6-7890-1234-567890ABCDEF}.Development|x86.Build.0 = Development|Any CPU
		{A1B2C3D4-E5F6-7890-1234-567890ABCDEF}.Release|Any CPU.ActiveCfg = Release|Any CPU
		{A1B2C3D4-E5F6-7890-1234-567890ABCDEF}.Release|Any CPU.Build.0 = Release|Any CPU
		{A1B2C3D4-E5F6-7890-1234-567890ABCDEF}.Release|x64.ActiveCfg = Release|Any CPU
		{A1B2C3D4-E5F6-7890-1234-567890ABCDEF}.Release|x64.Build.0 = Release|Any CPU
		{A1B2C3D4-E5F6-7890-1234-567890ABCDEF}.Release|x86.ActiveCfg = Release|Any CPU
		{A1B2C3D4-E5F6-7890-1234-567890ABCDEF}.Release|x86.Build.0 = Release|Any CPU
		{B2C3D4E5-F6A7-8901-2345-67890ABCDEF0}.Debug|Any CPU.ActiveCfg = Debug|Any CPU
		{B2C3D4E5-F6A7-8901-2345-67890ABCDEF0}.Debug|Any CPU.Build.0 = Debug|Any CPU
		{B2C3D4E5-F6A7-8901-2345-67890ABCDEF0}.Debug|x64.ActiveCfg = Debug|Any CPU
		{B2C3D4E5-F6A7-8901-2345-67890ABCDEF0}.Debug|x64.Build.0 = Debug|Any CPU
		{B2C3D4E5-F6A7-8901-2345-67890ABCDEF0}.Debug|x86.ActiveCfg = Debug|Any CPU
		{B2C3D4E5-F6A7-8901-2345-67890ABCDEF0}.Debug|x86.Build.0 = Debug|Any CPU
		{B2C3D4E5-F6A7-8901-2345-67890ABCDEF0}.Development|Any CPU.ActiveCfg = Development|Any CPU
		{B2C3D4E5-F6A7-8901-2345-67890ABCDEF0}.Development|Any CPU.Build.0 = Development|Any CPU
		{B2C3D4E5-F6A7-8901-2345-67890ABCDEF0}.Development|x64.ActiveCfg = Development|Any CPU
		{B2C3D4E5-F6A7-8901-2345-67890ABCDEF0}.Development|x64.Build.0 = Development|Any CPU
		{B2C3D4E5-F6A7-8901-2345-67890ABCDEF0}.Development|x86.ActiveCfg = Development|Any CPU
		{B2C3D4E5-F6A7-8901-2345-67890ABCDEF0}.Development|x86.Build.0 = Development|Any CPU
		{B2C3D4E5-F6A7-8901-2345-67890ABCDEF0}.Release|Any CPU.ActiveCfg = Release|Any CPU
		{B2C3D4E5-F6A7-8901-2345-67890ABCDEF0}.Release|Any CPU.Build.0 = Release|Any CPU
		{B2C3D4E5-F6A7-8901-2345-67890ABCDEF0}.Release|x64.ActiveCfg = Release|Any CPU
		{B2C3D4E5-F6A7-8901-2345-67890ABCDEF0}.Release|x64.Build.0 = Release|Any CPU
		{B2C3D4E5-F6A7-8901-2345-67890ABCDEF0}.Release|x86.ActiveCfg = Release|Any CPU
		{B2C3D4E5-F6A7-8901-2345-67890ABCDEF0}.Release|x86.Build.0 = Release|Any CPU
		{F33DE2EC-6A19-401A-894F-7E23BB429562}.Debug|Any CPU.ActiveCfg = Debug|Any CPU
		{F33DE2EC-6A19-401A-894F-7E23BB429562}.Debug|Any CPU.Build.0 = Debug|Any CPU
		{F33DE2EC-6A19-401A-894F-7E23BB429562}.Debug|x64.ActiveCfg = Debug|Any CPU
		{F33DE2EC-6A19-401A-894F-7E23BB429562}.Debug|x64.Build.0 = Debug|Any CPU
		{F33DE2EC-6A19-401A-894F-7E23BB429562}.Debug|x86.ActiveCfg = Debug|Any CPU
		{F33DE2EC-6A19-401A-894F-7E23BB429562}.Debug|x86.Build.0 = Debug|Any CPU
		{F33DE2EC-6A19-401A-894F-7E23BB429562}.Development|Any CPU.ActiveCfg = Development|Any CPU
		{F33DE2EC-6A19-401A-894F-7E23BB429562}.Development|Any CPU.Build.0 = Development|Any CPU
		{F33DE2EC-6A19-401A-894F-7E23BB429562}.Development|x64.ActiveCfg = Development|Any CPU
		{F33DE2EC-6A19-401A-894F-7E23BB429562}.Development|x64.Build.0 = Development|Any CPU
		{F33DE2EC-6A19-401A-894F-7E23BB429562}.Development|x86.ActiveCfg = Development|Any CPU
		{F33DE2EC-6A19-401A-894F-7E23BB429562}.Development|x86.Build.0 = Development|Any CPU
		{F33DE2EC-6A19-401A-894F-7E23BB429562}.Release|Any CPU.ActiveCfg = Release|Any CPU
		{F33DE2EC-6A19-401A-894F-7E23BB429562}.Release|Any CPU.Build.0 = Release|Any CPU
		{F33DE2EC-6A19-401A-894F-7E23BB429562}.Release|x64.ActiveCfg = Release|Any CPU
		{F33DE2EC-6A19-401A-894F-7E23BB429562}.Release|x64.Build.0 = Release|Any CPU
		{F33DE2EC-6A19-401A-894F-7E23BB429562}.Release|x86.ActiveCfg = Release|Any CPU
		{F33DE2EC-6A19-401A-894F-7E23BB429562}.Release|x86.Build.0 = Release|Any CPU
		{BE805579-8F99-455F-BEFA-10D86C5398CD}.Debug|Any CPU.ActiveCfg = Debug|Any CPU
		{BE805579-8F99-455F-BEFA-10D86C5398CD}.Debug|Any CPU.Build.0 = Debug|Any CPU
		{BE805579-8F99-455F-BEFA-10D86C5398CD}.Debug|x64.ActiveCfg = Debug|Any CPU
		{BE805579-8F99-455F-BEFA-10D86C5398CD}.Debug|x64.Build.0 = Debug|Any CPU
		{BE805579-8F99-455F-BEFA-10D86C5398CD}.Debug|x86.ActiveCfg = Debug|Any CPU
		{BE805579-8F99-455F-BEFA-10D86C5398CD}.Debug|x86.Build.0 = Debug|Any CPU
		{BE805579-8F99-455F-BEFA-10D86C5398CD}.Development|Any CPU.ActiveCfg = Debug|Any CPU
		{BE805579-8F99-455F-BEFA-10D86C5398CD}.Development|Any CPU.Build.0 = Debug|Any CPU
		{BE805579-8F99-455F-BEFA-10D86C5398CD}.Development|x64.ActiveCfg = Debug|Any CPU
		{BE805579-8F99-455F-BEFA-10D86C5398CD}.Development|x64.Build.0 = Debug|Any CPU
		{BE805579-8F99-455F-BEFA-10D86C5398CD}.Development|x86.ActiveCfg = Debug|Any CPU
		{BE805579-8F99-455F-BEFA-10D86C5398CD}.Development|x86.Build.0 = Debug|Any CPU
		{BE805579-8F99-455F-BEFA-10D86C5398CD}.Release|Any CPU.ActiveCfg = Release|Any CPU
		{BE805579-8F99-455F-BEFA-10D86C5398CD}.Release|Any CPU.Build.0 = Release|Any CPU
		{BE805579-8F99-455F-BEFA-10D86C5398CD}.Release|x64.ActiveCfg = Release|Any CPU
		{BE805579-8F99-455F-BEFA-10D86C5398CD}.Release|x64.Build.0 = Release|Any CPU
		{BE805579-8F99-455F-BEFA-10D86C5398CD}.Release|x86.ActiveCfg = Release|Any CPU
		{BE805579-8F99-455F-BEFA-10D86C5398CD}.Release|x86.Build.0 = Release|Any CPU
		{A93EB50A-5892-4C20-AAFB-B865313171F9}.Debug|Any CPU.ActiveCfg = Debug|Any CPU
		{A93EB50A-5892-4C20-AAFB-B865313171F9}.Debug|Any CPU.Build.0 = Debug|Any CPU
		{A93EB50A-5892-4C20-AAFB-B865313171F9}.Debug|x64.ActiveCfg = Debug|Any CPU
		{A93EB50A-5892-4C20-AAFB-B865313171F9}.Debug|x64.Build.0 = Debug|Any CPU
		{A93EB50A-5892-4C20-AAFB-B865313171F9}.Debug|x86.ActiveCfg = Debug|Any CPU
		{A93EB50A-5892-4C20-AAFB-B865313171F9}.Debug|x86.Build.0 = Debug|Any CPU
		{A93EB50A-5892-4C20-AAFB-B865313171F9}.Development|Any CPU.ActiveCfg = Debug|Any CPU
		{A93EB50A-5892-4C20-AAFB-B865313171F9}.Development|Any CPU.Build.0 = Debug|Any CPU
		{A93EB50A-5892-4C20-AAFB-B865313171F9}.Development|x64.ActiveCfg = Debug|Any CPU
		{A93EB50A-5892-4C20-AAFB-B865313171F9}.Development|x64.Build.0 = Debug|Any CPU
		{A93EB50A-5892-4C20-AAFB-B865313171F9}.Development|x86.ActiveCfg = Debug|Any CPU
		{A93EB50A-5892-4C20-AAFB-B865313171F9}.Development|x86.Build.0 = Debug|Any CPU
		{A93EB50A-5892-4C20-AAFB-B865313171F9}.Release|Any CPU.ActiveCfg = Release|Any CPU
		{A93EB50A-5892-4C20-AAFB-B865313171F9}.Release|Any CPU.Build.0 = Release|Any CPU
		{A93EB50A-5892-4C20-AAFB-B865313171F9}.Release|x64.ActiveCfg = Release|Any CPU
		{A93EB50A-5892-4C20-AAFB-B865313171F9}.Release|x64.Build.0 = Release|Any CPU
		{A93EB50A-5892-4C20-AAFB-B865313171F9}.Release|x86.ActiveCfg = Release|Any CPU
		{A93EB50A-5892-4C20-AAFB-B865313171F9}.Release|x86.Build.0 = Release|Any CPU
		{DCD62DD4-D16A-484B-ACF8-77FB2A107F41}.Debug|Any CPU.ActiveCfg = Debug|Any CPU
		{DCD62DD4-D16A-484B-ACF8-77FB2A107F41}.Debug|Any CPU.Build.0 = Debug|Any CPU
		{DCD62DD4-D16A-484B-ACF8-77FB2A107F41}.Debug|x64.ActiveCfg = Debug|Any CPU
		{DCD62DD4-D16A-484B-ACF8-77FB2A107F41}.Debug|x64.Build.0 = Debug|Any CPU
		{DCD62DD4-D16A-484B-ACF8-77FB2A107F41}.Debug|x86.ActiveCfg = Debug|Any CPU
		{DCD62DD4-D16A-484B-ACF8-77FB2A107F41}.Debug|x86.Build.0 = Debug|Any CPU
		{DCD62DD4-D16A-484B-ACF8-77FB2A107F41}.Development|Any CPU.ActiveCfg = Debug|Any CPU
		{DCD62DD4-D16A-484B-ACF8-77FB2A107F41}.Development|Any CPU.Build.0 = Debug|Any CPU
		{DCD62DD4-D16A-484B-ACF8-77FB2A107F41}.Development|x64.ActiveCfg = Debug|Any CPU
		{DCD62DD4-D16A-484B-ACF8-77FB2A107F41}.Development|x64.Build.0 = Debug|Any CPU
		{DCD62DD4-D16A-484B-ACF8-77FB2A107F41}.Development|x86.ActiveCfg = Debug|Any CPU
		{DCD62DD4-D16A-484B-ACF8-77FB2A107F41}.Development|x86.Build.0 = Debug|Any CPU
		{DCD62DD4-D16A-484B-ACF8-77FB2A107F41}.Release|Any CPU.ActiveCfg = Release|Any CPU
		{DCD62DD4-D16A-484B-ACF8-77FB2A107F41}.Release|Any CPU.Build.0 = Release|Any CPU
		{DCD62DD4-D16A-484B-ACF8-77FB2A107F41}.Release|x64.ActiveCfg = Release|Any CPU
		{DCD62DD4-D16A-484B-ACF8-77FB2A107F41}.Release|x64.Build.0 = Release|Any CPU
		{DCD62DD4-D16A-484B-ACF8-77FB2A107F41}.Release|x86.ActiveCfg = Release|Any CPU
		{DCD62DD4-D16A-484B-ACF8-77FB2A107F41}.Release|x86.Build.0 = Release|Any CPU
		{32F4896D-B2FF-428F-8A1E-8DAC8BFB6A5E}.Debug|Any CPU.ActiveCfg = Debug|Any CPU
		{32F4896D-B2FF-428F-8A1E-8DAC8BFB6A5E}.Debug|Any CPU.Build.0 = Debug|Any CPU
		{32F4896D-B2FF-428F-8A1E-8DAC8BFB6A5E}.Debug|x64.ActiveCfg = Debug|Any CPU
		{32F4896D-B2FF-428F-8A1E-8DAC8BFB6A5E}.Debug|x64.Build.0 = Debug|Any CPU
		{32F4896D-B2FF-428F-8A1E-8DAC8BFB6A5E}.Debug|x86.ActiveCfg = Debug|Any CPU
		{32F4896D-B2FF-428F-8A1E-8DAC8BFB6A5E}.Debug|x86.Build.0 = Debug|Any CPU
		{32F4896D-B2FF-428F-8A1E-8DAC8BFB6A5E}.Development|Any CPU.ActiveCfg = Debug|Any CPU
		{32F4896D-B2FF-428F-8A1E-8DAC8BFB6A5E}.Development|Any CPU.Build.0 = Debug|Any CPU
		{32F4896D-B2FF-428F-8A1E-8DAC8BFB6A5E}.Development|x64.ActiveCfg = Debug|Any CPU
		{32F4896D-B2FF-428F-8A1E-8DAC8BFB6A5E}.Development|x64.Build.0 = Debug|Any CPU
		{32F4896D-B2FF-428F-8A1E-8DAC8BFB6A5E}.Development|x86.ActiveCfg = Debug|Any CPU
		{32F4896D-B2FF-428F-8A1E-8DAC8BFB6A5E}.Development|x86.Build.0 = Debug|Any CPU
		{32F4896D-B2FF-428F-8A1E-8DAC8BFB6A5E}.Release|Any CPU.ActiveCfg = Release|Any CPU
		{32F4896D-B2FF-428F-8A1E-8DAC8BFB6A5E}.Release|Any CPU.Build.0 = Release|Any CPU
		{32F4896D-B2FF-428F-8A1E-8DAC8BFB6A5E}.Release|x64.ActiveCfg = Release|Any CPU
		{32F4896D-B2FF-428F-8A1E-8DAC8BFB6A5E}.Release|x64.Build.0 = Release|Any CPU
		{32F4896D-B2FF-428F-8A1E-8DAC8BFB6A5E}.Release|x86.ActiveCfg = Release|Any CPU
		{32F4896D-B2FF-428F-8A1E-8DAC8BFB6A5E}.Release|x86.Build.0 = Release|Any CPU
	EndGlobalSection
	GlobalSection(SolutionProperties) = preSolution
		HideSolutionNode = FALSE
	EndGlobalSection
	GlobalSection(NestedProjects) = preSolution
		{6905E47E-6C04-4CF6-894F-2643528E490D} = {BC5C7349-B53D-4B5D-9883-FC3D2288C3BD}
		{8104DBD9-C9EB-460A-842B-9385C32836C6} = {BC5C7349-B53D-4B5D-9883-FC3D2288C3BD}
		{1E4033CE-EDE2-4140-ABB1-0B55250255F9} = {BC5C7349-B53D-4B5D-9883-FC3D2288C3BD}
		{4F07AA77-C49C-498D-BFA1-B47D0139E021} = {BC5C7349-B53D-4B5D-9883-FC3D2288C3BD}
		{9DF51A7F-2307-41EC-97DD-EBC30BF8B859} = {8104DBD9-C9EB-460A-842B-9385C32836C6}
		{F8C5D693-9796-4F4E-9627-98A16A3720BE} = {6905E47E-6C04-4CF6-894F-2643528E490D}
		{288184FE-562A-4E3A-8BAF-DB6ED084A6C7} = {F8C5D693-9796-4F4E-9627-98A16A3720BE}
		{4D5FB375-61CA-4538-8393-1C74FA1F8E8F} = {6905E47E-6C04-4CF6-894F-2643528E490D}
		{1BA3E060-714F-483C-9369-9339C75CF1AC} = {6905E47E-6C04-4CF6-894F-2643528E490D}
		{5D22D6B5-738C-41F6-9AE3-AFEF67B7C4A1} = {6905E47E-6C04-4CF6-894F-2643528E490D}
		{FD9DCE8B-2D61-48A1-B215-EC10C5AFA54A} = {4D5FB375-61CA-4538-8393-1C74FA1F8E8F}
	EndGlobalSection
	GlobalSection(ExtensibilityGlobals) = postSolution
		SolutionGuid = {DC13195D-546C-43E1-9AAA-2C0BF08BA428}
	EndGlobalSection
EndGlobal
