
Microsoft Visual Studio Solution File, Format Version 12.00
# Visual Studio Version 17
VisualStudioVersion = 17.0.31903.59
MinimumVisualStudioVersion = 10.0.40219.1
Project("{2150E333-8FDC-42A3-9474-1A3956D46DE8}") = "sdks", "sdks", "{665A7CC4-0863-C354-E4B4-45BC1E6FE98B}"
EndProject
Project("{2150E333-8FDC-42A3-9474-1A3956D46DE8}") = "bundle-format", "bundle-format", "{04387B99-2EDB-8F3B-8F85-99FC6C74C8AE}"
EndProject
Project("{2150E333-8FDC-42A3-9474-1A3956D46DE8}") = "core", "core", "{CA81C5E8-0C7F-B427-6292-EBFF9344FB61}"
EndProject
Project("{2150E333-8FDC-42A3-9474-1A3956D46DE8}") = "core.tests", "core.tests", "{E6C896C8-173C-A40F-7FB3-E8A9B31E8597}"
EndProject
Project("{2150E333-8FDC-42A3-9474-1A3956D46DE8}") = "client", "client", "{129BFF76-64CF-58CF-DC96-BCC7EDF7B7CD}"
EndProject
Project("{2150E333-8FDC-42A3-9474-1A3956D46DE8}") = "client.tests", "client.tests", "{F47D1B56-F8EC-B3E6-DA05-ECBB2984BB3F}"
EndProject
Project("{2150E333-8FDC-42A3-9474-1A3956D46DE8}") = "client-voice", "client-voice", "{EB583A3F-73CE-5E85-8744-46F5C7D4BFE3}"
EndProject
Project("{2150E333-8FDC-42A3-9474-1A3956D46DE8}") = "client-voice.tests", "client-voice.tests", "{4E339E89-0F03-66FD-19CB-86FF43162F4E}"
EndProject
Project("{2150E333-8FDC-42A3-9474-1A3956D46DE8}") = "server", "server", "{3F58B9F6-6AEB-4396-DB2B-19551D1B02B5}"
EndProject
Project("{2150E333-8FDC-42A3-9474-1A3956D46DE8}") = "server.tests", "server.tests", "{B8C31F1E-FC64-1621-C921-2C10928F0E22}"
EndProject
Project("{2150E333-8FDC-42A3-9474-1A3956D46DE8}") = "asset-bundler", "asset-bundler", "{C29B90A4-BA29-2387-4F5D-1ADF5E8D164C}"
EndProject
Project("{2150E333-8FDC-42A3-9474-1A3956D46DE8}") = "asset-bundler.tests", "asset-bundler.tests", "{A3BDE14D-3A04-FB8D-CFD6-15DE45FEDCAE}"
EndProject
Project("{2150E333-8FDC-42A3-9474-1A3956D46DE8}") = "asset-bundler-godot", "asset-bundler-godot", "{4DE75081-A5AA-2B24-1B8C-5679AA9F3695}"
EndProject
Project("{2150E333-8FDC-42A3-9474-1A3956D46DE8}") = "asset-bundler-godot.tests", "asset-bundler-godot.tests", "{6EC63518-07B9-7203-F323-EA822170C6AD}"
EndProject
Project("{2150E333-8FDC-42A3-9474-1A3956D46DE8}") = "asset-loader", "asset-loader", "{3C249BD3-DE40-C7BC-C3D6-01F9B2603281}"
EndProject
Project("{2150E333-8FDC-42A3-9474-1A3956D46DE8}") = "asset-loader.tests", "asset-loader.tests", "{9A895F05-BE56-2DC5-2742-AE93BCDD27A3}"
EndProject
Project("{2150E333-8FDC-42A3-9474-1A3956D46DE8}") = "asset-loader-godot", "asset-loader-godot", "{E4A68D34-8305-8253-9A2C-030192CD4DB6}"
EndProject
Project("{2150E333-8FDC-42A3-9474-1A3956D46DE8}") = "scene-composer", "scene-composer", "{B066EA82-56E3-533A-700C-77407DD6F4F7}"
EndProject
Project("{2150E333-8FDC-42A3-9474-1A3956D46DE8}") = "scene-composer.tests", "scene-composer.tests", "{F7EDC89C-2AEC-FD71-A886-01A93EC95ED7}"
EndProject
Project("{2150E333-8FDC-42A3-9474-1A3956D46DE8}") = "scene-composer-godot", "scene-composer-godot", "{C182800E-ECEC-0C15-61DF-4B215DF72AE7}"
EndProject
Project("{2150E333-8FDC-42A3-9474-1A3956D46DE8}") = "scene-composer-godot.tests", "scene-composer-godot.tests", "{65C02EE7-0E21-07EA-7A14-F1E620E1512F}"
EndProject
Project("{2150E333-8FDC-42A3-9474-1A3956D46DE8}") = "scene-composer-stride", "scene-composer-stride", "{14FDBCFB-F1D7-D9C8-9E68-F0D444AFFC66}"
EndProject
Project("{2150E333-8FDC-42A3-9474-1A3956D46DE8}") = "scene-composer-stride.tests", "scene-composer-stride.tests", "{51AFCC8F-16F6-EF5C-5380-4E80DA87DA6F}"
EndProject
Project("{2150E333-8FDC-42A3-9474-1A3956D46DE8}") = "examples", "examples", "{226EEBB6-8C69-F291-DAF3-64C7BCB2C0A7}"
EndProject
Project("{2150E333-8FDC-42A3-9474-1A3956D46DE8}") = "godot-scene-composer", "godot-scene-composer", "{0F0770E9-4745-AC28-AB9E-649D181DB88E}"
EndProject
Project("{FAE04EC0-301F-11D3-BF4B-00C04F79EFBC}") = "BeyondImmersion.Bannou.Bundle.Format", "bundle-format\BeyondImmersion.Bannou.Bundle.Format.csproj", "{CCF3D406-168E-4537-95EF-4B1ACF309A20}"
EndProject
Project("{FAE04EC0-301F-11D3-BF4B-00C04F79EFBC}") = "BeyondImmersion.Bannou.Core", "core\BeyondImmersion.Bannou.Core.csproj", "{5853B4A4-1B06-40EB-9B2C-8C6549E00C2F}"
EndProject
Project("{FAE04EC0-301F-11D3-BF4B-00C04F79EFBC}") = "BeyondImmersion.Bannou.Core.Tests", "core.tests\BeyondImmersion.Bannou.Core.Tests.csproj", "{36818794-776D-4568-A5F5-937F1B2399C6}"
EndProject
Project("{FAE04EC0-301F-11D3-BF4B-00C04F79EFBC}") = "BeyondImmersion.Bannou.Protocol", "protocol\BeyondImmersion.Bannou.Protocol.csproj", "{8324C6F6-5FA8-4A8C-B901-60E6288502EB}"
EndProject
Project("{FAE04EC0-301F-11D3-BF4B-00C04F79EFBC}") = "BeyondImmersion.Bannou.Transport", "transport\BeyondImmersion.Bannou.Transport.csproj", "{AB921E14-6AD3-429B-9B3A-4CF01E818519}"
EndProject
Project("{FAE04EC0-301F-11D3-BF4B-00C04F79EFBC}") = "Bannou.Client", "client\Bannou.Client.csproj", "{CA74A005-94B5-46EA-9531-ABD6E8975E2A}"
EndProject
Project("{FAE04EC0-301F-11D3-BF4B-00C04F79EFBC}") = "Bannou.Client.Tests", "client.tests\Bannou.Client.Tests.csproj", "{A9EA5375-FA9C-4C31-8E7C-087136554F33}"
EndProject
Project("{FAE04EC0-301F-11D3-BF4B-00C04F79EFBC}") = "Bannou.Client.Voice", "client-voice\Bannou.Client.Voice.csproj", "{2C12C1CA-977E-47F1-BADC-591206CB1A89}"
EndProject
Project("{FAE04EC0-301F-11D3-BF4B-00C04F79EFBC}") = "Bannou.Client.Voice.Tests", "client-voice.tests\Bannou.Client.Voice.Tests.csproj", "{169078A9-8DE8-462B-900B-79B5E9CFC277}"
EndProject
Project("{FAE04EC0-301F-11D3-BF4B-00C04F79EFBC}") = "Bannou.Server", "server\Bannou.Server.csproj", "{5DD9E837-AFA4-4A84-91E7-B825886C3EC9}"
EndProject
Project("{FAE04EC0-301F-11D3-BF4B-00C04F79EFBC}") = "Bannou.Server.Tests", "server.tests\Bannou.Server.Tests.csproj", "{34166B95-654A-456C-A870-0A288BB85888}"
EndProject
Project("{FAE04EC0-301F-11D3-BF4B-00C04F79EFBC}") = "Bannou.AssetBundler", "asset-bundler\Bannou.AssetBundler.csproj", "{0BCA49B9-BDC6-493B-8C64-5A75428BB8B6}"
EndProject
Project("{FAE04EC0-301F-11D3-BF4B-00C04F79EFBC}") = "Bannou.AssetBundler.Tests", "asset-bundler.tests\Bannou.AssetBundler.Tests.csproj", "{E48DF174-362A-4D5A-8EB1-474D5B29931A}"
EndProject
Project("{FAE04EC0-301F-11D3-BF4B-00C04F79EFBC}") = "Bannou.AssetBundler.Godot", "asset-bundler-godot\Bannou.AssetBundler.Godot.csproj", "{91152B72-26DF-4788-9201-7E06D9F833E6}"
EndProject
Project("{FAE04EC0-301F-11D3-BF4B-00C04F79EFBC}") = "Bannou.AssetBundler.Godot.Tests", "asset-bundler-godot.tests\Bannou.AssetBundler.Godot.Tests.csproj", "{1FC813BC-1D9A-49F1-BE5A-B68D45FFEFDA}"
EndProject
Project("{FAE04EC0-301F-11D3-BF4B-00C04F79EFBC}") = "Bannou.AssetBundler.Stride", "asset-bundler-stride\Bannou.AssetBundler.Stride.csproj", "{D977FF8F-78E4-4E54-83E5-DA2E0273AC77}"
EndProject
Project("{FAE04EC0-301F-11D3-BF4B-00C04F79EFBC}") = "Bannou.AssetBundler.Stride.Tests", "asset-bundler-stride.tests\Bannou.AssetBundler.Stride.Tests.csproj", "{EC181487-BC0A-4816-A794-9B573D6FCAD2}"
EndProject
Project("{FAE04EC0-301F-11D3-BF4B-00C04F79EFBC}") = "Bannou.AssetLoader", "asset-loader\Bannou.AssetLoader.csproj", "{03B5C74D-0833-4A0F-8737-32379B2B390B}"
EndProject
Project("{FAE04EC0-301F-11D3-BF4B-00C04F79EFBC}") = "BeyondImmersion.Bannou.AssetLoader.Tests", "asset-loader.tests\BeyondImmersion.Bannou.AssetLoader.Tests.csproj", "{202E0D00-4B28-415E-ACCF-287AA8D56EFE}"
EndProject
Project("{FAE04EC0-301F-11D3-BF4B-00C04F79EFBC}") = "Bannou.AssetLoader.Client", "asset-loader-client\Bannou.AssetLoader.Client.csproj", "{DF9BEF4A-144D-4B26-985F-475CA62ED999}"
EndProject
Project("{FAE04EC0-301F-11D3-BF4B-00C04F79EFBC}") = "BeyondImmersion.Bannou.AssetLoader.Client.Tests", "asset-loader-client.tests\BeyondImmersion.Bannou.AssetLoader.Client.Tests.csproj", "{0444874F-61B7-4E27-BC68-377A8DF4A2D0}"
EndProject
Project("{FAE04EC0-301F-11D3-BF4B-00C04F79EFBC}") = "Bannou.AssetLoader.Godot", "asset-loader-godot\Bannou.AssetLoader.Godot.csproj", "{6A3E1CBA-EF23-41B7-AC7A-0A6493EEA500}"
EndProject
Project("{FAE04EC0-301F-11D3-BF4B-00C04F79EFBC}") = "Bannou.AssetLoader.Godot.Tests", "asset-loader-godot.tests\Bannou.AssetLoader.Godot.Tests.csproj", "{8AA4FB5D-AAA0-4B97-B781-7FCD5A21428B}"
EndProject
Project("{FAE04EC0-301F-11D3-BF4B-00C04F79EFBC}") = "Bannou.AssetLoader.Server", "asset-loader-server\Bannou.AssetLoader.Server.csproj", "{3C694576-0E89-4D04-A469-CBA9C10DFB7F}"
EndProject
Project("{FAE04EC0-301F-11D3-BF4B-00C04F79EFBC}") = "BeyondImmersion.Bannou.AssetLoader.Server.Tests", "asset-loader-server.tests\BeyondImmersion.Bannou.AssetLoader.Server.Tests.csproj", "{C6C094DE-09E3-4A02-A183-DE3C483B0080}"
EndProject
Project("{FAE04EC0-301F-11D3-BF4B-00C04F79EFBC}") = "Bannou.AssetLoader.Stride", "asset-loader-stride\Bannou.AssetLoader.Stride.csproj", "{D857E1AF-8C4E-4359-93F6-26F7B9606F22}"
EndProject
Project("{FAE04EC0-301F-11D3-BF4B-00C04F79EFBC}") = "Bannou.SceneComposer", "scene-composer\Bannou.SceneComposer.csproj", "{40A37D06-EDB9-4846-B076-29E75CEAD486}"
EndProject
Project("{FAE04EC0-301F-11D3-BF4B-00C04F79EFBC}") = "Bannou.SceneComposer.Tests", "scene-composer.tests\Bannou.SceneComposer.Tests.csproj", "{FB7B9977-85C2-4518-B715-6C8035772817}"
EndProject
Project("{FAE04EC0-301F-11D3-BF4B-00C04F79EFBC}") = "Bannou.Godot.SceneComposer", "scene-composer-godot\Bannou.Godot.SceneComposer.csproj", "{A04D509E-32C4-4BDE-A279-A2AF6B5F0B32}"
EndProject
Project("{FAE04EC0-301F-11D3-BF4B-00C04F79EFBC}") = "Bannou.Godot.SceneComposer.Tests", "scene-composer-godot.tests\Bannou.Godot.SceneComposer.Tests.csproj", "{EF13344A-D0D0-4166-AE16-4BD5FC7F1C7F}"
EndProject
Project("{FAE04EC0-301F-11D3-BF4B-00C04F79EFBC}") = "Bannou.Stride.SceneComposer", "scene-composer-stride\Bannou.Stride.SceneComposer.csproj", "{1C92FC6B-8E92-43A1-8C92-0614D7AA5FF1}"
EndProject
Project("{FAE04EC0-301F-11D3-BF4B-00C04F79EFBC}") = "Bannou.Stride.SceneComposer.Tests", "scene-composer-stride.tests\Bannou.Stride.SceneComposer.Tests.csproj", "{377B0C91-465C-4132-9671-FED7D40783C5}"
EndProject
Project("{FAE04EC0-301F-11D3-BF4B-00C04F79EFBC}") = "godot-scene-composer-demo", "..\examples\godot-scene-composer\godot-scene-composer-demo.csproj", "{53922F17-6D44-469A-A5C1-FC1D0CD94669}"
EndProject
Project("{2150E333-8FDC-42A3-9474-1A3956D46DE8}") = "client.integration.tests", "client.integration.tests", "{8AAED54F-74AC-1F5E-3BD0-36C5C0A1B0CE}"
EndProject
Project("{FAE04EC0-301F-11D3-BF4B-00C04F79EFBC}") = "Bannou.Client.Integration.Tests", "client.integration.tests\Bannou.Client.Integration.Tests.csproj", "{6F6E302B-D514-4165-BC77-4DA65CD671CB}"
EndProject
Project("{2150E333-8FDC-42A3-9474-1A3956D46DE8}") = "storyline-theory", "storyline-theory", "{43DCB738-A772-A58E-4DEA-0360A5A59EDE}"
EndProject
Project("{FAE04EC0-301F-11D3-BF4B-00C04F79EFBC}") = "BeyondImmersion.Bannou.StorylineTheory", "storyline-theory\BeyondImmersion.Bannou.StorylineTheory.csproj", "{155B31BA-18AD-40E6-9FDD-A7F8842CC0D6}"
EndProject
Project("{FAE04EC0-301F-11D3-BF4B-00C04F79EFBC}") = "BeyondImmersion.Bannou.StorylineStoryteller", "storyline-storyteller\BeyondImmersion.Bannou.StorylineStoryteller.csproj", "{D33D8BAA-6A9F-4BBD-8796-10C553D81956}"
EndProject
Project("{2150E333-8FDC-42A3-9474-1A3956D46DE8}") = "storyline-storyteller.tests", "storyline-storyteller.tests", "{0EB3C67B-BD11-F673-B216-BE4F15D068EC}"
EndProject
Project("{FAE04EC0-301F-11D3-BF4B-00C04F79EFBC}") = "BeyondImmersion.Bannou.StorylineStoryteller.Tests", "storyline-storyteller.tests\BeyondImmersion.Bannou.StorylineStoryteller.Tests.csproj", "{24049C02-CEBD-453B-98B8-D71A524EE1F3}"
EndProject
Global
	GlobalSection(SolutionConfigurationPlatforms) = preSolution
		Debug|Any CPU = Debug|Any CPU
		Debug|x64 = Debug|x64
		Debug|x86 = Debug|x86
		Release|Any CPU = Release|Any CPU
		Release|x64 = Release|x64
		Release|x86 = Release|x86
	EndGlobalSection
	GlobalSection(ProjectConfigurationPlatforms) = postSolution
		{CCF3D406-168E-4537-95EF-4B1ACF309A20}.Debug|Any CPU.ActiveCfg = Debug|Any CPU
		{CCF3D406-168E-4537-95EF-4B1ACF309A20}.Debug|Any CPU.Build.0 = Debug|Any CPU
		{CCF3D406-168E-4537-95EF-4B1ACF309A20}.Debug|x64.ActiveCfg = Debug|Any CPU
		{CCF3D406-168E-4537-95EF-4B1ACF309A20}.Debug|x64.Build.0 = Debug|Any CPU
		{CCF3D406-168E-4537-95EF-4B1ACF309A20}.Debug|x86.ActiveCfg = Debug|Any CPU
		{CCF3D406-168E-4537-95EF-4B1ACF309A20}.Debug|x86.Build.0 = Debug|Any CPU
		{CCF3D406-168E-4537-95EF-4B1ACF309A20}.Release|Any CPU.ActiveCfg = Release|Any CPU
		{CCF3D406-168E-4537-95EF-4B1ACF309A20}.Release|Any CPU.Build.0 = Release|Any CPU
		{CCF3D406-168E-4537-95EF-4B1ACF309A20}.Release|x64.ActiveCfg = Release|Any CPU
		{CCF3D406-168E-4537-95EF-4B1ACF309A20}.Release|x64.Build.0 = Release|Any CPU
		{CCF3D406-168E-4537-95EF-4B1ACF309A20}.Release|x86.ActiveCfg = Release|Any CPU
		{CCF3D406-168E-4537-95EF-4B1ACF309A20}.Release|x86.Build.0 = Release|Any CPU
		{5853B4A4-1B06-40EB-9B2C-8C6549E00C2F}.Debug|Any CPU.ActiveCfg = Debug|Any CPU
		{5853B4A4-1B06-40EB-9B2C-8C6549E00C2F}.Debug|Any CPU.Build.0 = Debug|Any CPU
		{5853B4A4-1B06-40EB-9B2C-8C6549E00C2F}.Debug|x64.ActiveCfg = Debug|Any CPU
		{5853B4A4-1B06-40EB-9B2C-8C6549E00C2F}.Debug|x64.Build.0 = Debug|Any CPU
		{5853B4A4-1B06-40EB-9B2C-8C6549E00C2F}.Debug|x86.ActiveCfg = Debug|Any CPU
		{5853B4A4-1B06-40EB-9B2C-8C6549E00C2F}.Debug|x86.Build.0 = Debug|Any CPU
		{5853B4A4-1B06-40EB-9B2C-8C6549E00C2F}.Release|Any CPU.ActiveCfg = Release|Any CPU
		{5853B4A4-1B06-40EB-9B2C-8C6549E00C2F}.Release|Any CPU.Build.0 = Release|Any CPU
		{5853B4A4-1B06-40EB-9B2C-8C6549E00C2F}.Release|x64.ActiveCfg = Release|Any CPU
		{5853B4A4-1B06-40EB-9B2C-8C6549E00C2F}.Release|x64.Build.0 = Release|Any CPU
		{5853B4A4-1B06-40EB-9B2C-8C6549E00C2F}.Release|x86.ActiveCfg = Release|Any CPU
		{5853B4A4-1B06-40EB-9B2C-8C6549E00C2F}.Release|x86.Build.0 = Release|Any CPU
		{36818794-776D-4568-A5F5-937F1B2399C6}.Debug|Any CPU.ActiveCfg = Debug|Any CPU
		{36818794-776D-4568-A5F5-937F1B2399C6}.Debug|Any CPU.Build.0 = Debug|Any CPU
		{36818794-776D-4568-A5F5-937F1B2399C6}.Debug|x64.ActiveCfg = Debug|Any CPU
		{36818794-776D-4568-A5F5-937F1B2399C6}.Debug|x64.Build.0 = Debug|Any CPU
		{36818794-776D-4568-A5F5-937F1B2399C6}.Debug|x86.ActiveCfg = Debug|Any CPU
		{36818794-776D-4568-A5F5-937F1B2399C6}.Debug|x86.Build.0 = Debug|Any CPU
		{36818794-776D-4568-A5F5-937F1B2399C6}.Release|Any CPU.ActiveCfg = Release|Any CPU
		{36818794-776D-4568-A5F5-937F1B2399C6}.Release|Any CPU.Build.0 = Release|Any CPU
		{36818794-776D-4568-A5F5-937F1B2399C6}.Release|x64.ActiveCfg = Release|Any CPU
		{36818794-776D-4568-A5F5-937F1B2399C6}.Release|x64.Build.0 = Release|Any CPU
		{36818794-776D-4568-A5F5-937F1B2399C6}.Release|x86.ActiveCfg = Release|Any CPU
		{36818794-776D-4568-A5F5-937F1B2399C6}.Release|x86.Build.0 = Release|Any CPU
		{8324C6F6-5FA8-4A8C-B901-60E6288502EB}.Debug|Any CPU.ActiveCfg = Debug|Any CPU
		{8324C6F6-5FA8-4A8C-B901-60E6288502EB}.Debug|Any CPU.Build.0 = Debug|Any CPU
		{8324C6F6-5FA8-4A8C-B901-60E6288502EB}.Debug|x64.ActiveCfg = Debug|Any CPU
		{8324C6F6-5FA8-4A8C-B901-60E6288502EB}.Debug|x64.Build.0 = Debug|Any CPU
		{8324C6F6-5FA8-4A8C-B901-60E6288502EB}.Debug|x86.ActiveCfg = Debug|Any CPU
		{8324C6F6-5FA8-4A8C-B901-60E6288502EB}.Debug|x86.Build.0 = Debug|Any CPU
		{8324C6F6-5FA8-4A8C-B901-60E6288502EB}.Release|Any CPU.ActiveCfg = Release|Any CPU
		{8324C6F6-5FA8-4A8C-B901-60E6288502EB}.Release|Any CPU.Build.0 = Release|Any CPU
		{8324C6F6-5FA8-4A8C-B901-60E6288502EB}.Release|x64.ActiveCfg = Release|Any CPU
		{8324C6F6-5FA8-4A8C-B901-60E6288502EB}.Release|x64.Build.0 = Release|Any CPU
		{8324C6F6-5FA8-4A8C-B901-60E6288502EB}.Release|x86.ActiveCfg = Release|Any CPU
		{8324C6F6-5FA8-4A8C-B901-60E6288502EB}.Release|x86.Build.0 = Release|Any CPU
		{AB921E14-6AD3-429B-9B3A-4CF01E818519}.Debug|Any CPU.ActiveCfg = Debug|Any CPU
		{AB921E14-6AD3-429B-9B3A-4CF01E818519}.Debug|Any CPU.Build.0 = Debug|Any CPU
		{AB921E14-6AD3-429B-9B3A-4CF01E818519}.Debug|x64.ActiveCfg = Debug|Any CPU
		{AB921E14-6AD3-429B-9B3A-4CF01E818519}.Debug|x64.Build.0 = Debug|Any CPU
		{AB921E14-6AD3-429B-9B3A-4CF01E818519}.Debug|x86.ActiveCfg = Debug|Any CPU
		{AB921E14-6AD3-429B-9B3A-4CF01E818519}.Debug|x86.Build.0 = Debug|Any CPU
		{AB921E14-6AD3-429B-9B3A-4CF01E818519}.Release|Any CPU.ActiveCfg = Release|Any CPU
		{AB921E14-6AD3-429B-9B3A-4CF01E818519}.Release|Any CPU.Build.0 = Release|Any CPU
		{AB921E14-6AD3-429B-9B3A-4CF01E818519}.Release|x64.ActiveCfg = Release|Any CPU
		{AB921E14-6AD3-429B-9B3A-4CF01E818519}.Release|x64.Build.0 = Release|Any CPU
		{AB921E14-6AD3-429B-9B3A-4CF01E818519}.Release|x86.ActiveCfg = Release|Any CPU
		{AB921E14-6AD3-429B-9B3A-4CF01E818519}.Release|x86.Build.0 = Release|Any CPU
		{CA74A005-94B5-46EA-9531-ABD6E8975E2A}.Debug|Any CPU.ActiveCfg = Debug|Any CPU
		{CA74A005-94B5-46EA-9531-ABD6E8975E2A}.Debug|Any CPU.Build.0 = Debug|Any CPU
		{CA74A005-94B5-46EA-9531-ABD6E8975E2A}.Debug|x64.ActiveCfg = Debug|Any CPU
		{CA74A005-94B5-46EA-9531-ABD6E8975E2A}.Debug|x64.Build.0 = Debug|Any CPU
		{CA74A005-94B5-46EA-9531-ABD6E8975E2A}.Debug|x86.ActiveCfg = Debug|Any CPU
		{CA74A005-94B5-46EA-9531-ABD6E8975E2A}.Debug|x86.Build.0 = Debug|Any CPU
		{CA74A005-94B5-46EA-9531-ABD6E8975E2A}.Release|Any CPU.ActiveCfg = Release|Any CPU
		{CA74A005-94B5-46EA-9531-ABD6E8975E2A}.Release|Any CPU.Build.0 = Release|Any CPU
		{CA74A005-94B5-46EA-9531-ABD6E8975E2A}.Release|x64.ActiveCfg = Release|Any CPU
		{CA74A005-94B5-46EA-9531-ABD6E8975E2A}.Release|x64.Build.0 = Release|Any CPU
		{CA74A005-94B5-46EA-9531-ABD6E8975E2A}.Release|x86.ActiveCfg = Release|Any CPU
		{CA74A005-94B5-46EA-9531-ABD6E8975E2A}.Release|x86.Build.0 = Release|Any CPU
		{A9EA5375-FA9C-4C31-8E7C-087136554F33}.Debug|Any CPU.ActiveCfg = Debug|Any CPU
		{A9EA5375-FA9C-4C31-8E7C-087136554F33}.Debug|Any CPU.Build.0 = Debug|Any CPU
		{A9EA5375-FA9C-4C31-8E7C-087136554F33}.Debug|x64.ActiveCfg = Debug|Any CPU
		{A9EA5375-FA9C-4C31-8E7C-087136554F33}.Debug|x64.Build.0 = Debug|Any CPU
		{A9EA5375-FA9C-4C31-8E7C-087136554F33}.Debug|x86.ActiveCfg = Debug|Any CPU
		{A9EA5375-FA9C-4C31-8E7C-087136554F33}.Debug|x86.Build.0 = Debug|Any CPU
		{A9EA5375-FA9C-4C31-8E7C-087136554F33}.Release|Any CPU.ActiveCfg = Release|Any CPU
		{A9EA5375-FA9C-4C31-8E7C-087136554F33}.Release|Any CPU.Build.0 = Release|Any CPU
		{A9EA5375-FA9C-4C31-8E7C-087136554F33}.Release|x64.ActiveCfg = Release|Any CPU
		{A9EA5375-FA9C-4C31-8E7C-087136554F33}.Release|x64.Build.0 = Release|Any CPU
		{A9EA5375-FA9C-4C31-8E7C-087136554F33}.Release|x86.ActiveCfg = Release|Any CPU
		{A9EA5375-FA9C-4C31-8E7C-087136554F33}.Release|x86.Build.0 = Release|Any CPU
		{2C12C1CA-977E-47F1-BADC-591206CB1A89}.Debug|Any CPU.ActiveCfg = Debug|Any CPU
		{2C12C1CA-977E-47F1-BADC-591206CB1A89}.Debug|Any CPU.Build.0 = Debug|Any CPU
		{2C12C1CA-977E-47F1-BADC-591206CB1A89}.Debug|x64.ActiveCfg = Debug|Any CPU
		{2C12C1CA-977E-47F1-BADC-591206CB1A89}.Debug|x64.Build.0 = Debug|Any CPU
		{2C12C1CA-977E-47F1-BADC-591206CB1A89}.Debug|x86.ActiveCfg = Debug|Any CPU
		{2C12C1CA-977E-47F1-BADC-591206CB1A89}.Debug|x86.Build.0 = Debug|Any CPU
		{2C12C1CA-977E-47F1-BADC-591206CB1A89}.Release|Any CPU.ActiveCfg = Release|Any CPU
		{2C12C1CA-977E-47F1-BADC-591206CB1A89}.Release|Any CPU.Build.0 = Release|Any CPU
		{2C12C1CA-977E-47F1-BADC-591206CB1A89}.Release|x64.ActiveCfg = Release|Any CPU
		{2C12C1CA-977E-47F1-BADC-591206CB1A89}.Release|x64.Build.0 = Release|Any CPU
		{2C12C1CA-977E-47F1-BADC-591206CB1A89}.Release|x86.ActiveCfg = Release|Any CPU
		{2C12C1CA-977E-47F1-BADC-591206CB1A89}.Release|x86.Build.0 = Release|Any CPU
		{169078A9-8DE8-462B-900B-79B5E9CFC277}.Debug|Any CPU.ActiveCfg = Debug|Any CPU
		{169078A9-8DE8-462B-900B-79B5E9CFC277}.Debug|Any CPU.Build.0 = Debug|Any CPU
		{169078A9-8DE8-462B-900B-79B5E9CFC277}.Debug|x64.ActiveCfg = Debug|Any CPU
		{169078A9-8DE8-462B-900B-79B5E9CFC277}.Debug|x64.Build.0 = Debug|Any CPU
		{169078A9-8DE8-462B-900B-79B5E9CFC277}.Debug|x86.ActiveCfg = Debug|Any CPU
		{169078A9-8DE8-462B-900B-79B5E9CFC277}.Debug|x86.Build.0 = Debug|Any CPU
		{169078A9-8DE8-462B-900B-79B5E9CFC277}.Release|Any CPU.ActiveCfg = Release|Any CPU
		{169078A9-8DE8-462B-900B-79B5E9CFC277}.Release|Any CPU.Build.0 = Release|Any CPU
		{169078A9-8DE8-462B-900B-79B5E9CFC277}.Release|x64.ActiveCfg = Release|Any CPU
		{169078A9-8DE8-462B-900B-79B5E9CFC277}.Release|x64.Build.0 = Release|Any CPU
		{169078A9-8DE8-462B-900B-79B5E9CFC277}.Release|x86.ActiveCfg = Release|Any CPU
		{169078A9-8DE8-462B-900B-79B5E9CFC277}.Release|x86.Build.0 = Release|Any CPU
		{5DD9E837-AFA4-4A84-91E7-B825886C3EC9}.Debug|Any CPU.ActiveCfg = Debug|Any CPU
		{5DD9E837-AFA4-4A84-91E7-B825886C3EC9}.Debug|Any CPU.Build.0 = Debug|Any CPU
		{5DD9E837-AFA4-4A84-91E7-B825886C3EC9}.Debug|x64.ActiveCfg = Debug|Any CPU
		{5DD9E837-AFA4-4A84-91E7-B825886C3EC9}.Debug|x64.Build.0 = Debug|Any CPU
		{5DD9E837-AFA4-4A84-91E7-B825886C3EC9}.Debug|x86.ActiveCfg = Debug|Any CPU
		{5DD9E837-AFA4-4A84-91E7-B825886C3EC9}.Debug|x86.Build.0 = Debug|Any CPU
		{5DD9E837-AFA4-4A84-91E7-B825886C3EC9}.Release|Any CPU.ActiveCfg = Release|Any CPU
		{5DD9E837-AFA4-4A84-91E7-B825886C3EC9}.Release|Any CPU.Build.0 = Release|Any CPU
		{5DD9E837-AFA4-4A84-91E7-B825886C3EC9}.Release|x64.ActiveCfg = Release|Any CPU
		{5DD9E837-AFA4-4A84-91E7-B825886C3EC9}.Release|x64.Build.0 = Release|Any CPU
		{5DD9E837-AFA4-4A84-91E7-B825886C3EC9}.Release|x86.ActiveCfg = Release|Any CPU
		{5DD9E837-AFA4-4A84-91E7-B825886C3EC9}.Release|x86.Build.0 = Release|Any CPU
		{34166B95-654A-456C-A870-0A288BB85888}.Debug|Any CPU.ActiveCfg = Debug|Any CPU
		{34166B95-654A-456C-A870-0A288BB85888}.Debug|Any CPU.Build.0 = Debug|Any CPU
		{34166B95-654A-456C-A870-0A288BB85888}.Debug|x64.ActiveCfg = Debug|Any CPU
		{34166B95-654A-456C-A870-0A288BB85888}.Debug|x64.Build.0 = Debug|Any CPU
		{34166B95-654A-456C-A870-0A288BB85888}.Debug|x86.ActiveCfg = Debug|Any CPU
		{34166B95-654A-456C-A870-0A288BB85888}.Debug|x86.Build.0 = Debug|Any CPU
		{34166B95-654A-456C-A870-0A288BB85888}.Release|Any CPU.ActiveCfg = Release|Any CPU
		{34166B95-654A-456C-A870-0A288BB85888}.Release|Any CPU.Build.0 = Release|Any CPU
		{34166B95-654A-456C-A870-0A288BB85888}.Release|x64.ActiveCfg = Release|Any CPU
		{34166B95-654A-456C-A870-0A288BB85888}.Release|x64.Build.0 = Release|Any CPU
		{34166B95-654A-456C-A870-0A288BB85888}.Release|x86.ActiveCfg = Release|Any CPU
		{34166B95-654A-456C-A870-0A288BB85888}.Release|x86.Build.0 = Release|Any CPU
		{0BCA49B9-BDC6-493B-8C64-5A75428BB8B6}.Debug|Any CPU.ActiveCfg = Debug|Any CPU
		{0BCA49B9-BDC6-493B-8C64-5A75428BB8B6}.Debug|Any CPU.Build.0 = Debug|Any CPU
		{0BCA49B9-BDC6-493B-8C64-5A75428BB8B6}.Debug|x64.ActiveCfg = Debug|Any CPU
		{0BCA49B9-BDC6-493B-8C64-5A75428BB8B6}.Debug|x64.Build.0 = Debug|Any CPU
		{0BCA49B9-BDC6-493B-8C64-5A75428BB8B6}.Debug|x86.ActiveCfg = Debug|Any CPU
		{0BCA49B9-BDC6-493B-8C64-5A75428BB8B6}.Debug|x86.Build.0 = Debug|Any CPU
		{0BCA49B9-BDC6-493B-8C64-5A75428BB8B6}.Release|Any CPU.ActiveCfg = Release|Any CPU
		{0BCA49B9-BDC6-493B-8C64-5A75428BB8B6}.Release|Any CPU.Build.0 = Release|Any CPU
		{0BCA49B9-BDC6-493B-8C64-5A75428BB8B6}.Release|x64.ActiveCfg = Release|Any CPU
		{0BCA49B9-BDC6-493B-8C64-5A75428BB8B6}.Release|x64.Build.0 = Release|Any CPU
		{0BCA49B9-BDC6-493B-8C64-5A75428BB8B6}.Release|x86.ActiveCfg = Release|Any CPU
		{0BCA49B9-BDC6-493B-8C64-5A75428BB8B6}.Release|x86.Build.0 = Release|Any CPU
		{E48DF174-362A-4D5A-8EB1-474D5B29931A}.Debug|Any CPU.ActiveCfg = Debug|Any CPU
		{E48DF174-362A-4D5A-8EB1-474D5B29931A}.Debug|Any CPU.Build.0 = Debug|Any CPU
		{E48DF174-362A-4D5A-8EB1-474D5B29931A}.Debug|x64.ActiveCfg = Debug|Any CPU
		{E48DF174-362A-4D5A-8EB1-474D5B29931A}.Debug|x64.Build.0 = Debug|Any CPU
		{E48DF174-362A-4D5A-8EB1-474D5B29931A}.Debug|x86.ActiveCfg = Debug|Any CPU
		{E48DF174-362A-4D5A-8EB1-474D5B29931A}.Debug|x86.Build.0 = Debug|Any CPU
		{E48DF174-362A-4D5A-8EB1-474D5B29931A}.Release|Any CPU.ActiveCfg = Release|Any CPU
		{E48DF174-362A-4D5A-8EB1-474D5B29931A}.Release|Any CPU.Build.0 = Release|Any CPU
		{E48DF174-362A-4D5A-8EB1-474D5B29931A}.Release|x64.ActiveCfg = Release|Any CPU
		{E48DF174-362A-4D5A-8EB1-474D5B29931A}.Release|x64.Build.0 = Release|Any CPU
		{E48DF174-362A-4D5A-8EB1-474D5B29931A}.Release|x86.ActiveCfg = Release|Any CPU
		{E48DF174-362A-4D5A-8EB1-474D5B29931A}.Release|x86.Build.0 = Release|Any CPU
		{91152B72-26DF-4788-9201-7E06D9F833E6}.Debug|Any CPU.ActiveCfg = Debug|Any CPU
		{91152B72-26DF-4788-9201-7E06D9F833E6}.Debug|Any CPU.Build.0 = Debug|Any CPU
		{91152B72-26DF-4788-9201-7E06D9F833E6}.Debug|x64.ActiveCfg = Debug|Any CPU
		{91152B72-26DF-4788-9201-7E06D9F833E6}.Debug|x64.Build.0 = Debug|Any CPU
		{91152B72-26DF-4788-9201-7E06D9F833E6}.Debug|x86.ActiveCfg = Debug|Any CPU
		{91152B72-26DF-4788-9201-7E06D9F833E6}.Debug|x86.Build.0 = Debug|Any CPU
		{91152B72-26DF-4788-9201-7E06D9F833E6}.Release|Any CPU.ActiveCfg = Release|Any CPU
		{91152B72-26DF-4788-9201-7E06D9F833E6}.Release|Any CPU.Build.0 = Release|Any CPU
		{91152B72-26DF-4788-9201-7E06D9F833E6}.Release|x64.ActiveCfg = Release|Any CPU
		{91152B72-26DF-4788-9201-7E06D9F833E6}.Release|x64.Build.0 = Release|Any CPU
		{91152B72-26DF-4788-9201-7E06D9F833E6}.Release|x86.ActiveCfg = Release|Any CPU
		{91152B72-26DF-4788-9201-7E06D9F833E6}.Release|x86.Build.0 = Release|Any CPU
		{1FC813BC-1D9A-49F1-BE5A-B68D45FFEFDA}.Debug|Any CPU.ActiveCfg = Debug|Any CPU
		{1FC813BC-1D9A-49F1-BE5A-B68D45FFEFDA}.Debug|Any CPU.Build.0 = Debug|Any CPU
		{1FC813BC-1D9A-49F1-BE5A-B68D45FFEFDA}.Debug|x64.ActiveCfg = Debug|Any CPU
		{1FC813BC-1D9A-49F1-BE5A-B68D45FFEFDA}.Debug|x64.Build.0 = Debug|Any CPU
		{1FC813BC-1D9A-49F1-BE5A-B68D45FFEFDA}.Debug|x86.ActiveCfg = Debug|Any CPU
		{1FC813BC-1D9A-49F1-BE5A-B68D45FFEFDA}.Debug|x86.Build.0 = Debug|Any CPU
		{1FC813BC-1D9A-49F1-BE5A-B68D45FFEFDA}.Release|Any CPU.ActiveCfg = Release|Any CPU
		{1FC813BC-1D9A-49F1-BE5A-B68D45FFEFDA}.Release|Any CPU.Build.0 = Release|Any CPU
		{1FC813BC-1D9A-49F1-BE5A-B68D45FFEFDA}.Release|x64.ActiveCfg = Release|Any CPU
		{1FC813BC-1D9A-49F1-BE5A-B68D45FFEFDA}.Release|x64.Build.0 = Release|Any CPU
		{1FC813BC-1D9A-49F1-BE5A-B68D45FFEFDA}.Release|x86.ActiveCfg = Release|Any CPU
		{1FC813BC-1D9A-49F1-BE5A-B68D45FFEFDA}.Release|x86.Build.0 = Release|Any CPU
		{D977FF8F-78E4-4E54-83E5-DA2E0273AC77}.Debug|Any CPU.ActiveCfg = Debug|Any CPU
		{D977FF8F-78E4-4E54-83E5-DA2E0273AC77}.Debug|Any CPU.Build.0 = Debug|Any CPU
		{D977FF8F-78E4-4E54-83E5-DA2E0273AC77}.Debug|x64.ActiveCfg = Debug|Any CPU
		{D977FF8F-78E4-4E54-83E5-DA2E0273AC77}.Debug|x64.Build.0 = Debug|Any CPU
		{D977FF8F-78E4-4E54-83E5-DA2E0273AC77}.Debug|x86.ActiveCfg = Debug|Any CPU
		{D977FF8F-78E4-4E54-83E5-DA2E0273AC77}.Debug|x86.Build.0 = Debug|Any CPU
		{D977FF8F-78E4-4E54-83E5-DA2E0273AC77}.Release|Any CPU.ActiveCfg = Release|Any CPU
		{D977FF8F-78E4-4E54-83E5-DA2E0273AC77}.Release|Any CPU.Build.0 = Release|Any CPU
		{D977FF8F-78E4-4E54-83E5-DA2E0273AC77}.Release|x64.ActiveCfg = Release|Any CPU
		{D977FF8F-78E4-4E54-83E5-DA2E0273AC77}.Release|x64.Build.0 = Release|Any CPU
		{D977FF8F-78E4-4E54-83E5-DA2E0273AC77}.Release|x86.ActiveCfg = Release|Any CPU
		{D977FF8F-78E4-4E54-83E5-DA2E0273AC77}.Release|x86.Build.0 = Release|Any CPU
		{EC181487-BC0A-4816-A794-9B573D6FCAD2}.Debug|Any CPU.ActiveCfg = Debug|Any CPU
		{EC181487-BC0A-4816-A794-9B573D6FCAD2}.Debug|Any CPU.Build.0 = Debug|Any CPU
		{EC181487-BC0A-4816-A794-9B573D6FCAD2}.Debug|x64.ActiveCfg = Debug|Any CPU
		{EC181487-BC0A-4816-A794-9B573D6FCAD2}.Debug|x64.Build.0 = Debug|Any CPU
		{EC181487-BC0A-4816-A794-9B573D6FCAD2}.Debug|x86.ActiveCfg = Debug|Any CPU
		{EC181487-BC0A-4816-A794-9B573D6FCAD2}.Debug|x86.Build.0 = Debug|Any CPU
		{EC181487-BC0A-4816-A794-9B573D6FCAD2}.Release|Any CPU.ActiveCfg = Release|Any CPU
		{EC181487-BC0A-4816-A794-9B573D6FCAD2}.Release|Any CPU.Build.0 = Release|Any CPU
		{EC181487-BC0A-4816-A794-9B573D6FCAD2}.Release|x64.ActiveCfg = Release|Any CPU
		{EC181487-BC0A-4816-A794-9B573D6FCAD2}.Release|x64.Build.0 = Release|Any CPU
		{EC181487-BC0A-4816-A794-9B573D6FCAD2}.Release|x86.ActiveCfg = Release|Any CPU
		{EC181487-BC0A-4816-A794-9B573D6FCAD2}.Release|x86.Build.0 = Release|Any CPU
		{03B5C74D-0833-4A0F-8737-32379B2B390B}.Debug|Any CPU.ActiveCfg = Debug|Any CPU
		{03B5C74D-0833-4A0F-8737-32379B2B390B}.Debug|Any CPU.Build.0 = Debug|Any CPU
		{03B5C74D-0833-4A0F-8737-32379B2B390B}.Debug|x64.ActiveCfg = Debug|Any CPU
		{03B5C74D-0833-4A0F-8737-32379B2B390B}.Debug|x64.Build.0 = Debug|Any CPU
		{03B5C74D-0833-4A0F-8737-32379B2B390B}.Debug|x86.ActiveCfg = Debug|Any CPU
		{03B5C74D-0833-4A0F-8737-32379B2B390B}.Debug|x86.Build.0 = Debug|Any CPU
		{03B5C74D-0833-4A0F-8737-32379B2B390B}.Release|Any CPU.ActiveCfg = Release|Any CPU
		{03B5C74D-0833-4A0F-8737-32379B2B390B}.Release|Any CPU.Build.0 = Release|Any CPU
		{03B5C74D-0833-4A0F-8737-32379B2B390B}.Release|x64.ActiveCfg = Release|Any CPU
		{03B5C74D-0833-4A0F-8737-32379B2B390B}.Release|x64.Build.0 = Release|Any CPU
		{03B5C74D-0833-4A0F-8737-32379B2B390B}.Release|x86.ActiveCfg = Release|Any CPU
		{03B5C74D-0833-4A0F-8737-32379B2B390B}.Release|x86.Build.0 = Release|Any CPU
		{202E0D00-4B28-415E-ACCF-287AA8D56EFE}.Debug|Any CPU.ActiveCfg = Debug|Any CPU
		{202E0D00-4B28-415E-ACCF-287AA8D56EFE}.Debug|Any CPU.Build.0 = Debug|Any CPU
		{202E0D00-4B28-415E-ACCF-287AA8D56EFE}.Debug|x64.ActiveCfg = Debug|Any CPU
		{202E0D00-4B28-415E-ACCF-287AA8D56EFE}.Debug|x64.Build.0 = Debug|Any CPU
		{202E0D00-4B28-415E-ACCF-287AA8D56EFE}.Debug|x86.ActiveCfg = Debug|Any CPU
		{202E0D00-4B28-415E-ACCF-287AA8D56EFE}.Debug|x86.Build.0 = Debug|Any CPU
		{202E0D00-4B28-415E-ACCF-287AA8D56EFE}.Release|Any CPU.ActiveCfg = Release|Any CPU
		{202E0D00-4B28-415E-ACCF-287AA8D56EFE}.Release|Any CPU.Build.0 = Release|Any CPU
		{202E0D00-4B28-415E-ACCF-287AA8D56EFE}.Release|x64.ActiveCfg = Release|Any CPU
		{202E0D00-4B28-415E-ACCF-287AA8D56EFE}.Release|x64.Build.0 = Release|Any CPU
		{202E0D00-4B28-415E-ACCF-287AA8D56EFE}.Release|x86.ActiveCfg = Release|Any CPU
		{202E0D00-4B28-415E-ACCF-287AA8D56EFE}.Release|x86.Build.0 = Release|Any CPU
		{DF9BEF4A-144D-4B26-985F-475CA62ED999}.Debug|Any CPU.ActiveCfg = Debug|Any CPU
		{DF9BEF4A-144D-4B26-985F-475CA62ED999}.Debug|Any CPU.Build.0 = Debug|Any CPU
		{DF9BEF4A-144D-4B26-985F-475CA62ED999}.Debug|x64.ActiveCfg = Debug|Any CPU
		{DF9BEF4A-144D-4B26-985F-475CA62ED999}.Debug|x64.Build.0 = Debug|Any CPU
		{DF9BEF4A-144D-4B26-985F-475CA62ED999}.Debug|x86.ActiveCfg = Debug|Any CPU
		{DF9BEF4A-144D-4B26-985F-475CA62ED999}.Debug|x86.Build.0 = Debug|Any CPU
		{DF9BEF4A-144D-4B26-985F-475CA62ED999}.Release|Any CPU.ActiveCfg = Release|Any CPU
		{DF9BEF4A-144D-4B26-985F-475CA62ED999}.Release|Any CPU.Build.0 = Release|Any CPU
		{DF9BEF4A-144D-4B26-985F-475CA62ED999}.Release|x64.ActiveCfg = Release|Any CPU
		{DF9BEF4A-144D-4B26-985F-475CA62ED999}.Release|x64.Build.0 = Release|Any CPU
		{DF9BEF4A-144D-4B26-985F-475CA62ED999}.Release|x86.ActiveCfg = Release|Any CPU
		{DF9BEF4A-144D-4B26-985F-475CA62ED999}.Release|x86.Build.0 = Release|Any CPU
		{0444874F-61B7-4E27-BC68-377A8DF4A2D0}.Debug|Any CPU.ActiveCfg = Debug|Any CPU
		{0444874F-61B7-4E27-BC68-377A8DF4A2D0}.Debug|Any CPU.Build.0 = Debug|Any CPU
		{0444874F-61B7-4E27-BC68-377A8DF4A2D0}.Debug|x64.ActiveCfg = Debug|Any CPU
		{0444874F-61B7-4E27-BC68-377A8DF4A2D0}.Debug|x64.Build.0 = Debug|Any CPU
		{0444874F-61B7-4E27-BC68-377A8DF4A2D0}.Debug|x86.ActiveCfg = Debug|Any CPU
		{0444874F-61B7-4E27-BC68-377A8DF4A2D0}.Debug|x86.Build.0 = Debug|Any CPU
		{0444874F-61B7-4E27-BC68-377A8DF4A2D0}.Release|Any CPU.ActiveCfg = Release|Any CPU
		{0444874F-61B7-4E27-BC68-377A8DF4A2D0}.Release|Any CPU.Build.0 = Release|Any CPU
		{0444874F-61B7-4E27-BC68-377A8DF4A2D0}.Release|x64.ActiveCfg = Release|Any CPU
		{0444874F-61B7-4E27-BC68-377A8DF4A2D0}.Release|x64.Build.0 = Release|Any CPU
		{0444874F-61B7-4E27-BC68-377A8DF4A2D0}.Release|x86.ActiveCfg = Release|Any CPU
		{0444874F-61B7-4E27-BC68-377A8DF4A2D0}.Release|x86.Build.0 = Release|Any CPU
		{6A3E1CBA-EF23-41B7-AC7A-0A6493EEA500}.Debug|Any CPU.ActiveCfg = Debug|Any CPU
		{6A3E1CBA-EF23-41B7-AC7A-0A6493EEA500}.Debug|Any CPU.Build.0 = Debug|Any CPU
		{6A3E1CBA-EF23-41B7-AC7A-0A6493EEA500}.Debug|x64.ActiveCfg = Debug|Any CPU
		{6A3E1CBA-EF23-41B7-AC7A-0A6493EEA500}.Debug|x64.Build.0 = Debug|Any CPU
		{6A3E1CBA-EF23-41B7-AC7A-0A6493EEA500}.Debug|x86.ActiveCfg = Debug|Any CPU
		{6A3E1CBA-EF23-41B7-AC7A-0A6493EEA500}.Debug|x86.Build.0 = Debug|Any CPU
		{6A3E1CBA-EF23-41B7-AC7A-0A6493EEA500}.Release|Any CPU.ActiveCfg = Release|Any CPU
		{6A3E1CBA-EF23-41B7-AC7A-0A6493EEA500}.Release|Any CPU.Build.0 = Release|Any CPU
		{6A3E1CBA-EF23-41B7-AC7A-0A6493EEA500}.Release|x64.ActiveCfg = Release|Any CPU
		{6A3E1CBA-EF23-41B7-AC7A-0A6493EEA500}.Release|x64.Build.0 = Release|Any CPU
		{6A3E1CBA-EF23-41B7-AC7A-0A6493EEA500}.Release|x86.ActiveCfg = Release|Any CPU
		{6A3E1CBA-EF23-41B7-AC7A-0A6493EEA500}.Release|x86.Build.0 = Release|Any CPU
		{8AA4FB5D-AAA0-4B97-B781-7FCD5A21428B}.Debug|Any CPU.ActiveCfg = Debug|Any CPU
		{8AA4FB5D-AAA0-4B97-B781-7FCD5A21428B}.Debug|Any CPU.Build.0 = Debug|Any CPU
		{8AA4FB5D-AAA0-4B97-B781-7FCD5A21428B}.Debug|x64.ActiveCfg = Debug|Any CPU
		{8AA4FB5D-AAA0-4B97-B781-7FCD5A21428B}.Debug|x64.Build.0 = Debug|Any CPU
		{8AA4FB5D-AAA0-4B97-B781-7FCD5A21428B}.Debug|x86.ActiveCfg = Debug|Any CPU
		{8AA4FB5D-AAA0-4B97-B781-7FCD5A21428B}.Debug|x86.Build.0 = Debug|Any CPU
		{8AA4FB5D-AAA0-4B97-B781-7FCD5A21428B}.Release|Any CPU.ActiveCfg = Release|Any CPU
		{8AA4FB5D-AAA0-4B97-B781-7FCD5A21428B}.Release|Any CPU.Build.0 = Release|Any CPU
		{8AA4FB5D-AAA0-4B97-B781-7FCD5A21428B}.Release|x64.ActiveCfg = Release|Any CPU
		{8AA4FB5D-AAA0-4B97-B781-7FCD5A21428B}.Release|x64.Build.0 = Release|Any CPU
		{8AA4FB5D-AAA0-4B97-B781-7FCD5A21428B}.Release|x86.ActiveCfg = Release|Any CPU
		{8AA4FB5D-AAA0-4B97-B781-7FCD5A21428B}.Release|x86.Build.0 = Release|Any CPU
		{3C694576-0E89-4D04-A469-CBA9C10DFB7F}.Debug|Any CPU.ActiveCfg = Debug|Any CPU
		{3C694576-0E89-4D04-A469-CBA9C10DFB7F}.Debug|Any CPU.Build.0 = Debug|Any CPU
		{3C694576-0E89-4D04-A469-CBA9C10DFB7F}.Debug|x64.ActiveCfg = Debug|Any CPU
		{3C694576-0E89-4D04-A469-CBA9C10DFB7F}.Debug|x64.Build.0 = Debug|Any CPU
		{3C694576-0E89-4D04-A469-CBA9C10DFB7F}.Debug|x86.ActiveCfg = Debug|Any CPU
		{3C694576-0E89-4D04-A469-CBA9C10DFB7F}.Debug|x86.Build.0 = Debug|Any CPU
		{3C694576-0E89-4D04-A469-CBA9C10DFB7F}.Release|Any CPU.ActiveCfg = Release|Any CPU
		{3C694576-0E89-4D04-A469-CBA9C10DFB7F}.Release|Any CPU.Build.0 = Release|Any CPU
		{3C694576-0E89-4D04-A469-CBA9C10DFB7F}.Release|x64.ActiveCfg = Release|Any CPU
		{3C694576-0E89-4D04-A469-CBA9C10DFB7F}.Release|x64.Build.0 = Release|Any CPU
		{3C694576-0E89-4D04-A469-CBA9C10DFB7F}.Release|x86.ActiveCfg = Release|Any CPU
		{3C694576-0E89-4D04-A469-CBA9C10DFB7F}.Release|x86.Build.0 = Release|Any CPU
		{C6C094DE-09E3-4A02-A183-DE3C483B0080}.Debug|Any CPU.ActiveCfg = Debug|Any CPU
		{C6C094DE-09E3-4A02-A183-DE3C483B0080}.Debug|Any CPU.Build.0 = Debug|Any CPU
		{C6C094DE-09E3-4A02-A183-DE3C483B0080}.Debug|x64.ActiveCfg = Debug|Any CPU
		{C6C094DE-09E3-4A02-A183-DE3C483B0080}.Debug|x64.Build.0 = Debug|Any CPU
		{C6C094DE-09E3-4A02-A183-DE3C483B0080}.Debug|x86.ActiveCfg = Debug|Any CPU
		{C6C094DE-09E3-4A02-A183-DE3C483B0080}.Debug|x86.Build.0 = Debug|Any CPU
		{C6C094DE-09E3-4A02-A183-DE3C483B0080}.Release|Any CPU.ActiveCfg = Release|Any CPU
		{C6C094DE-09E3-4A02-A183-DE3C483B0080}.Release|Any CPU.Build.0 = Release|Any CPU
		{C6C094DE-09E3-4A02-A183-DE3C483B0080}.Release|x64.ActiveCfg = Release|Any CPU
		{C6C094DE-09E3-4A02-A183-DE3C483B0080}.Release|x64.Build.0 = Release|Any CPU
		{C6C094DE-09E3-4A02-A183-DE3C483B0080}.Release|x86.ActiveCfg = Release|Any CPU
		{C6C094DE-09E3-4A02-A183-DE3C483B0080}.Release|x86.Build.0 = Release|Any CPU
		{D857E1AF-8C4E-4359-93F6-26F7B9606F22}.Debug|Any CPU.ActiveCfg = Debug|Any CPU
		{D857E1AF-8C4E-4359-93F6-26F7B9606F22}.Debug|Any CPU.Build.0 = Debug|Any CPU
		{D857E1AF-8C4E-4359-93F6-26F7B9606F22}.Debug|x64.ActiveCfg = Debug|Any CPU
		{D857E1AF-8C4E-4359-93F6-26F7B9606F22}.Debug|x64.Build.0 = Debug|Any CPU
		{D857E1AF-8C4E-4359-93F6-26F7B9606F22}.Debug|x86.ActiveCfg = Debug|Any CPU
		{D857E1AF-8C4E-4359-93F6-26F7B9606F22}.Debug|x86.Build.0 = Debug|Any CPU
		{D857E1AF-8C4E-4359-93F6-26F7B9606F22}.Release|Any CPU.ActiveCfg = Release|Any CPU
		{D857E1AF-8C4E-4359-93F6-26F7B9606F22}.Release|Any CPU.Build.0 = Release|Any CPU
		{D857E1AF-8C4E-4359-93F6-26F7B9606F22}.Release|x64.ActiveCfg = Release|Any CPU
		{D857E1AF-8C4E-4359-93F6-26F7B9606F22}.Release|x64.Build.0 = Release|Any CPU
		{D857E1AF-8C4E-4359-93F6-26F7B9606F22}.Release|x86.ActiveCfg = Release|Any CPU
		{D857E1AF-8C4E-4359-93F6-26F7B9606F22}.Release|x86.Build.0 = Release|Any CPU
		{40A37D06-EDB9-4846-B076-29E75CEAD486}.Debug|Any CPU.ActiveCfg = Debug|Any CPU
		{40A37D06-EDB9-4846-B076-29E75CEAD486}.Debug|Any CPU.Build.0 = Debug|Any CPU
		{40A37D06-EDB9-4846-B076-29E75CEAD486}.Debug|x64.ActiveCfg = Debug|Any CPU
		{40A37D06-EDB9-4846-B076-29E75CEAD486}.Debug|x64.Build.0 = Debug|Any CPU
		{40A37D06-EDB9-4846-B076-29E75CEAD486}.Debug|x86.ActiveCfg = Debug|Any CPU
		{40A37D06-EDB9-4846-B076-29E75CEAD486}.Debug|x86.Build.0 = Debug|Any CPU
		{40A37D06-EDB9-4846-B076-29E75CEAD486}.Release|Any CPU.ActiveCfg = Release|Any CPU
		{40A37D06-EDB9-4846-B076-29E75CEAD486}.Release|Any CPU.Build.0 = Release|Any CPU
		{40A37D06-EDB9-4846-B076-29E75CEAD486}.Release|x64.ActiveCfg = Release|Any CPU
		{40A37D06-EDB9-4846-B076-29E75CEAD486}.Release|x64.Build.0 = Release|Any CPU
		{40A37D06-EDB9-4846-B076-29E75CEAD486}.Release|x86.ActiveCfg = Release|Any CPU
		{40A37D06-EDB9-4846-B076-29E75CEAD486}.Release|x86.Build.0 = Release|Any CPU
		{FB7B9977-85C2-4518-B715-6C8035772817}.Debug|Any CPU.ActiveCfg = Debug|Any CPU
		{FB7B9977-85C2-4518-B715-6C8035772817}.Debug|Any CPU.Build.0 = Debug|Any CPU
		{FB7B9977-85C2-4518-B715-6C8035772817}.Debug|x64.ActiveCfg = Debug|Any CPU
		{FB7B9977-85C2-4518-B715-6C8035772817}.Debug|x64.Build.0 = Debug|Any CPU
		{FB7B9977-85C2-4518-B715-6C8035772817}.Debug|x86.ActiveCfg = Debug|Any CPU
		{FB7B9977-85C2-4518-B715-6C8035772817}.Debug|x86.Build.0 = Debug|Any CPU
		{FB7B9977-85C2-4518-B715-6C8035772817}.Release|Any CPU.ActiveCfg = Release|Any CPU
		{FB7B9977-85C2-4518-B715-6C8035772817}.Release|Any CPU.Build.0 = Release|Any CPU
		{FB7B9977-85C2-4518-B715-6C8035772817}.Release|x64.ActiveCfg = Release|Any CPU
		{FB7B9977-85C2-4518-B715-6C8035772817}.Release|x64.Build.0 = Release|Any CPU
		{FB7B9977-85C2-4518-B715-6C8035772817}.Release|x86.ActiveCfg = Release|Any CPU
		{FB7B9977-85C2-4518-B715-6C8035772817}.Release|x86.Build.0 = Release|Any CPU
		{A04D509E-32C4-4BDE-A279-A2AF6B5F0B32}.Debug|Any CPU.ActiveCfg = Debug|Any CPU
		{A04D509E-32C4-4BDE-A279-A2AF6B5F0B32}.Debug|Any CPU.Build.0 = Debug|Any CPU
		{A04D509E-32C4-4BDE-A279-A2AF6B5F0B32}.Debug|x64.ActiveCfg = Debug|Any CPU
		{A04D509E-32C4-4BDE-A279-A2AF6B5F0B32}.Debug|x64.Build.0 = Debug|Any CPU
		{A04D509E-32C4-4BDE-A279-A2AF6B5F0B32}.Debug|x86.ActiveCfg = Debug|Any CPU
		{A04D509E-32C4-4BDE-A279-A2AF6B5F0B32}.Debug|x86.Build.0 = Debug|Any CPU
		{A04D509E-32C4-4BDE-A279-A2AF6B5F0B32}.Release|Any CPU.ActiveCfg = Release|Any CPU
		{A04D509E-32C4-4BDE-A279-A2AF6B5F0B32}.Release|Any CPU.Build.0 = Release|Any CPU
		{A04D509E-32C4-4BDE-A279-A2AF6B5F0B32}.Release|x64.ActiveCfg = Release|Any CPU
		{A04D509E-32C4-4BDE-A279-A2AF6B5F0B32}.Release|x64.Build.0 = Release|Any CPU
		{A04D509E-32C4-4BDE-A279-A2AF6B5F0B32}.Release|x86.ActiveCfg = Release|Any CPU
		{A04D509E-32C4-4BDE-A279-A2AF6B5F0B32}.Release|x86.Build.0 = Release|Any CPU
		{EF13344A-D0D0-4166-AE16-4BD5FC7F1C7F}.Debug|Any CPU.ActiveCfg = Debug|Any CPU
		{EF13344A-D0D0-4166-AE16-4BD5FC7F1C7F}.Debug|Any CPU.Build.0 = Debug|Any CPU
		{EF13344A-D0D0-4166-AE16-4BD5FC7F1C7F}.Debug|x64.ActiveCfg = Debug|Any CPU
		{EF13344A-D0D0-4166-AE16-4BD5FC7F1C7F}.Debug|x64.Build.0 = Debug|Any CPU
		{EF13344A-D0D0-4166-AE16-4BD5FC7F1C7F}.Debug|x86.ActiveCfg = Debug|Any CPU
		{EF13344A-D0D0-4166-AE16-4BD5FC7F1C7F}.Debug|x86.Build.0 = Debug|Any CPU
		{EF13344A-D0D0-4166-AE16-4BD5FC7F1C7F}.Release|Any CPU.ActiveCfg = Debug|Any CPU
		{EF13344A-D0D0-4166-AE16-4BD5FC7F1C7F}.Release|Any CPU.Build.0 = Debug|Any CPU
		{EF13344A-D0D0-4166-AE16-4BD5FC7F1C7F}.Release|x64.ActiveCfg = Debug|Any CPU
		{EF13344A-D0D0-4166-AE16-4BD5FC7F1C7F}.Release|x64.Build.0 = Debug|Any CPU
		{EF13344A-D0D0-4166-AE16-4BD5FC7F1C7F}.Release|x86.ActiveCfg = Debug|Any CPU
		{EF13344A-D0D0-4166-AE16-4BD5FC7F1C7F}.Release|x86.Build.0 = Debug|Any CPU
		{1C92FC6B-8E92-43A1-8C92-0614D7AA5FF1}.Debug|Any CPU.ActiveCfg = Debug|Any CPU
		{1C92FC6B-8E92-43A1-8C92-0614D7AA5FF1}.Debug|Any CPU.Build.0 = Debug|Any CPU
		{1C92FC6B-8E92-43A1-8C92-0614D7AA5FF1}.Debug|x64.ActiveCfg = Debug|Any CPU
		{1C92FC6B-8E92-43A1-8C92-0614D7AA5FF1}.Debug|x64.Build.0 = Debug|Any CPU
		{1C92FC6B-8E92-43A1-8C92-0614D7AA5FF1}.Debug|x86.ActiveCfg = Debug|Any CPU
		{1C92FC6B-8E92-43A1-8C92-0614D7AA5FF1}.Debug|x86.Build.0 = Debug|Any CPU
		{1C92FC6B-8E92-43A1-8C92-0614D7AA5FF1}.Release|Any CPU.ActiveCfg = Release|Any CPU
		{1C92FC6B-8E92-43A1-8C92-0614D7AA5FF1}.Release|Any CPU.Build.0 = Release|Any CPU
		{1C92FC6B-8E92-43A1-8C92-0614D7AA5FF1}.Release|x64.ActiveCfg = Release|Any CPU
		{1C92FC6B-8E92-43A1-8C92-0614D7AA5FF1}.Release|x64.Build.0 = Release|Any CPU
		{1C92FC6B-8E92-43A1-8C92-0614D7AA5FF1}.Release|x86.ActiveCfg = Release|Any CPU
		{1C92FC6B-8E92-43A1-8C92-0614D7AA5FF1}.Release|x86.Build.0 = Release|Any CPU
		{377B0C91-465C-4132-9671-FED7D40783C5}.Debug|Any CPU.ActiveCfg = Debug|Any CPU
		{377B0C91-465C-4132-9671-FED7D40783C5}.Debug|Any CPU.Build.0 = Debug|Any CPU
		{377B0C91-465C-4132-9671-FED7D40783C5}.Debug|x64.ActiveCfg = Debug|Any CPU
		{377B0C91-465C-4132-9671-FED7D40783C5}.Debug|x64.Build.0 = Debug|Any CPU
		{377B0C91-465C-4132-9671-FED7D40783C5}.Debug|x86.ActiveCfg = Debug|Any CPU
		{377B0C91-465C-4132-9671-FED7D40783C5}.Debug|x86.Build.0 = Debug|Any CPU
		{377B0C91-465C-4132-9671-FED7D40783C5}.Release|Any CPU.ActiveCfg = Release|Any CPU
		{377B0C91-465C-4132-9671-FED7D40783C5}.Release|Any CPU.Build.0 = Release|Any CPU
		{377B0C91-465C-4132-9671-FED7D40783C5}.Release|x64.ActiveCfg = Release|Any CPU
		{377B0C91-465C-4132-9671-FED7D40783C5}.Release|x64.Build.0 = Release|Any CPU
		{377B0C91-465C-4132-9671-FED7D40783C5}.Release|x86.ActiveCfg = Release|Any CPU
		{377B0C91-465C-4132-9671-FED7D40783C5}.Release|x86.Build.0 = Release|Any CPU
		{53922F17-6D44-469A-A5C1-FC1D0CD94669}.Debug|Any CPU.ActiveCfg = Debug|Any CPU
		{53922F17-6D44-469A-A5C1-FC1D0CD94669}.Debug|Any CPU.Build.0 = Debug|Any CPU
		{53922F17-6D44-469A-A5C1-FC1D0CD94669}.Debug|x64.ActiveCfg = Debug|Any CPU
		{53922F17-6D44-469A-A5C1-FC1D0CD94669}.Debug|x64.Build.0 = Debug|Any CPU
		{53922F17-6D44-469A-A5C1-FC1D0CD94669}.Debug|x86.ActiveCfg = Debug|Any CPU
		{53922F17-6D44-469A-A5C1-FC1D0CD94669}.Debug|x86.Build.0 = Debug|Any CPU
		{53922F17-6D44-469A-A5C1-FC1D0CD94669}.Release|Any CPU.ActiveCfg = Debug|Any CPU
		{53922F17-6D44-469A-A5C1-FC1D0CD94669}.Release|Any CPU.Build.0 = Debug|Any CPU
		{53922F17-6D44-469A-A5C1-FC1D0CD94669}.Release|x64.ActiveCfg = Debug|Any CPU
		{53922F17-6D44-469A-A5C1-FC1D0CD94669}.Release|x64.Build.0 = Debug|Any CPU
		{53922F17-6D44-469A-A5C1-FC1D0CD94669}.Release|x86.ActiveCfg = Debug|Any CPU
		{53922F17-6D44-469A-A5C1-FC1D0CD94669}.Release|x86.Build.0 = Debug|Any CPU
		{6F6E302B-D514-4165-BC77-4DA65CD671CB}.Debug|Any CPU.ActiveCfg = Debug|Any CPU
		{6F6E302B-D514-4165-BC77-4DA65CD671CB}.Debug|Any CPU.Build.0 = Debug|Any CPU
		{6F6E302B-D514-4165-BC77-4DA65CD671CB}.Debug|x64.ActiveCfg = Debug|Any CPU
		{6F6E302B-D514-4165-BC77-4DA65CD671CB}.Debug|x64.Build.0 = Debug|Any CPU
		{6F6E302B-D514-4165-BC77-4DA65CD671CB}.Debug|x86.ActiveCfg = Debug|Any CPU
		{6F6E302B-D514-4165-BC77-4DA65CD671CB}.Debug|x86.Build.0 = Debug|Any CPU
		{6F6E302B-D514-4165-BC77-4DA65CD671CB}.Release|Any CPU.ActiveCfg = Release|Any CPU
		{6F6E302B-D514-4165-BC77-4DA65CD671CB}.Release|Any CPU.Build.0 = Release|Any CPU
		{6F6E302B-D514-4165-BC77-4DA65CD671CB}.Release|x64.ActiveCfg = Release|Any CPU
		{6F6E302B-D514-4165-BC77-4DA65CD671CB}.Release|x64.Build.0 = Release|Any CPU
		{6F6E302B-D514-4165-BC77-4DA65CD671CB}.Release|x86.ActiveCfg = Release|Any CPU
		{6F6E302B-D514-4165-BC77-4DA65CD671CB}.Release|x86.Build.0 = Release|Any CPU
		{155B31BA-18AD-40E6-9FDD-A7F8842CC0D6}.Debug|Any CPU.ActiveCfg = Debug|Any CPU
		{155B31BA-18AD-40E6-9FDD-A7F8842CC0D6}.Debug|Any CPU.Build.0 = Debug|Any CPU
		{155B31BA-18AD-40E6-9FDD-A7F8842CC0D6}.Debug|x64.ActiveCfg = Debug|Any CPU
		{155B31BA-18AD-40E6-9FDD-A7F8842CC0D6}.Debug|x64.Build.0 = Debug|Any CPU
		{155B31BA-18AD-40E6-9FDD-A7F8842CC0D6}.Debug|x86.ActiveCfg = Debug|Any CPU
		{155B31BA-18AD-40E6-9FDD-A7F8842CC0D6}.Debug|x86.Build.0 = Debug|Any CPU
		{155B31BA-18AD-40E6-9FDD-A7F8842CC0D6}.Release|Any CPU.ActiveCfg = Release|Any CPU
		{155B31BA-18AD-40E6-9FDD-A7F8842CC0D6}.Release|Any CPU.Build.0 = Release|Any CPU
		{155B31BA-18AD-40E6-9FDD-A7F8842CC0D6}.Release|x64.ActiveCfg = Release|Any CPU
		{155B31BA-18AD-40E6-9FDD-A7F8842CC0D6}.Release|x64.Build.0 = Release|Any CPU
		{155B31BA-18AD-40E6-9FDD-A7F8842CC0D6}.Release|x86.ActiveCfg = Release|Any CPU
		{155B31BA-18AD-40E6-9FDD-A7F8842CC0D6}.Release|x86.Build.0 = Release|Any CPU
		{D33D8BAA-6A9F-4BBD-8796-10C553D81956}.Debug|Any CPU.ActiveCfg = Debug|Any CPU
		{D33D8BAA-6A9F-4BBD-8796-10C553D81956}.Debug|Any CPU.Build.0 = Debug|Any CPU
		{D33D8BAA-6A9F-4BBD-8796-10C553D81956}.Debug|x64.ActiveCfg = Debug|Any CPU
		{D33D8BAA-6A9F-4BBD-8796-10C553D81956}.Debug|x64.Build.0 = Debug|Any CPU
		{D33D8BAA-6A9F-4BBD-8796-10C553D81956}.Debug|x86.ActiveCfg = Debug|Any CPU
		{D33D8BAA-6A9F-4BBD-8796-10C553D81956}.Debug|x86.Build.0 = Debug|Any CPU
		{D33D8BAA-6A9F-4BBD-8796-10C553D81956}.Release|Any CPU.ActiveCfg = Release|Any CPU
		{D33D8BAA-6A9F-4BBD-8796-10C553D81956}.Release|Any CPU.Build.0 = Release|Any CPU
		{D33D8BAA-6A9F-4BBD-8796-10C553D81956}.Release|x64.ActiveCfg = Release|Any CPU
		{D33D8BAA-6A9F-4BBD-8796-10C553D81956}.Release|x64.Build.0 = Release|Any CPU
		{D33D8BAA-6A9F-4BBD-8796-10C553D81956}.Release|x86.ActiveCfg = Release|Any CPU
		{D33D8BAA-6A9F-4BBD-8796-10C553D81956}.Release|x86.Build.0 = Release|Any CPU
		{24049C02-CEBD-453B-98B8-D71A524EE1F3}.Debug|Any CPU.ActiveCfg = Debug|Any CPU
		{24049C02-CEBD-453B-98B8-D71A524EE1F3}.Debug|Any CPU.Build.0 = Debug|Any CPU
		{24049C02-CEBD-453B-98B8-D71A524EE1F3}.Debug|x64.ActiveCfg = Debug|Any CPU
		{24049C02-CEBD-453B-98B8-D71A524EE1F3}.Debug|x64.Build.0 = Debug|Any CPU
		{24049C02-CEBD-453B-98B8-D71A524EE1F3}.Debug|x86.ActiveCfg = Debug|Any CPU
		{24049C02-CEBD-453B-98B8-D71A524EE1F3}.Debug|x86.Build.0 = Debug|Any CPU
		{24049C02-CEBD-453B-98B8-D71A524EE1F3}.Release|Any CPU.ActiveCfg = Release|Any CPU
		{24049C02-CEBD-453B-98B8-D71A524EE1F3}.Release|Any CPU.Build.0 = Release|Any CPU
		{24049C02-CEBD-453B-98B8-D71A524EE1F3}.Release|x64.ActiveCfg = Release|Any CPU
		{24049C02-CEBD-453B-98B8-D71A524EE1F3}.Release|x64.Build.0 = Release|Any CPU
		{24049C02-CEBD-453B-98B8-D71A524EE1F3}.Release|x86.ActiveCfg = Release|Any CPU
		{24049C02-CEBD-453B-98B8-D71A524EE1F3}.Release|x86.Build.0 = Release|Any CPU
	EndGlobalSection
	GlobalSection(SolutionProperties) = preSolution
		HideSolutionNode = FALSE
	EndGlobalSection
	GlobalSection(NestedProjects) = preSolution
		{04387B99-2EDB-8F3B-8F85-99FC6C74C8AE} = {665A7CC4-0863-C354-E4B4-45BC1E6FE98B}
		{CA81C5E8-0C7F-B427-6292-EBFF9344FB61} = {665A7CC4-0863-C354-E4B4-45BC1E6FE98B}
		{E6C896C8-173C-A40F-7FB3-E8A9B31E8597} = {665A7CC4-0863-C354-E4B4-45BC1E6FE98B}
		{129BFF76-64CF-58CF-DC96-BCC7EDF7B7CD} = {665A7CC4-0863-C354-E4B4-45BC1E6FE98B}
		{F47D1B56-F8EC-B3E6-DA05-ECBB2984BB3F} = {665A7CC4-0863-C354-E4B4-45BC1E6FE98B}
		{EB583A3F-73CE-5E85-8744-46F5C7D4BFE3} = {665A7CC4-0863-C354-E4B4-45BC1E6FE98B}
		{4E339E89-0F03-66FD-19CB-86FF43162F4E} = {665A7CC4-0863-C354-E4B4-45BC1E6FE98B}
		{3F58B9F6-6AEB-4396-DB2B-19551D1B02B5} = {665A7CC4-0863-C354-E4B4-45BC1E6FE98B}
		{B8C31F1E-FC64-1621-C921-2C10928F0E22} = {665A7CC4-0863-C354-E4B4-45BC1E6FE98B}
		{C29B90A4-BA29-2387-4F5D-1ADF5E8D164C} = {665A7CC4-0863-C354-E4B4-45BC1E6FE98B}
		{A3BDE14D-3A04-FB8D-CFD6-15DE45FEDCAE} = {665A7CC4-0863-C354-E4B4-45BC1E6FE98B}
		{4DE75081-A5AA-2B24-1B8C-5679AA9F3695} = {665A7CC4-0863-C354-E4B4-45BC1E6FE98B}
		{6EC63518-07B9-7203-F323-EA822170C6AD} = {665A7CC4-0863-C354-E4B4-45BC1E6FE98B}
		{3C249BD3-DE40-C7BC-C3D6-01F9B2603281} = {665A7CC4-0863-C354-E4B4-45BC1E6FE98B}
		{9A895F05-BE56-2DC5-2742-AE93BCDD27A3} = {665A7CC4-0863-C354-E4B4-45BC1E6FE98B}
		{E4A68D34-8305-8253-9A2C-030192CD4DB6} = {665A7CC4-0863-C354-E4B4-45BC1E6FE98B}
		{B066EA82-56E3-533A-700C-77407DD6F4F7} = {665A7CC4-0863-C354-E4B4-45BC1E6FE98B}
		{F7EDC89C-2AEC-FD71-A886-01A93EC95ED7} = {665A7CC4-0863-C354-E4B4-45BC1E6FE98B}
		{C182800E-ECEC-0C15-61DF-4B215DF72AE7} = {665A7CC4-0863-C354-E4B4-45BC1E6FE98B}
		{65C02EE7-0E21-07EA-7A14-F1E620E1512F} = {665A7CC4-0863-C354-E4B4-45BC1E6FE98B}
		{14FDBCFB-F1D7-D9C8-9E68-F0D444AFFC66} = {665A7CC4-0863-C354-E4B4-45BC1E6FE98B}
		{51AFCC8F-16F6-EF5C-5380-4E80DA87DA6F} = {665A7CC4-0863-C354-E4B4-45BC1E6FE98B}
		{226EEBB6-8C69-F291-DAF3-64C7BCB2C0A7} = {665A7CC4-0863-C354-E4B4-45BC1E6FE98B}
		{0F0770E9-4745-AC28-AB9E-649D181DB88E} = {226EEBB6-8C69-F291-DAF3-64C7BCB2C0A7}
		{CCF3D406-168E-4537-95EF-4B1ACF309A20} = {04387B99-2EDB-8F3B-8F85-99FC6C74C8AE}
		{5853B4A4-1B06-40EB-9B2C-8C6549E00C2F} = {CA81C5E8-0C7F-B427-6292-EBFF9344FB61}
		{36818794-776D-4568-A5F5-937F1B2399C6} = {E6C896C8-173C-A40F-7FB3-E8A9B31E8597}
		{8324C6F6-5FA8-4A8C-B901-60E6288502EB} = {04387B99-2EDB-8F3B-8F85-99FC6C74C8AE}
		{AB921E14-6AD3-429B-9B3A-4CF01E818519} = {04387B99-2EDB-8F3B-8F85-99FC6C74C8AE}
		{CA74A005-94B5-46EA-9531-ABD6E8975E2A} = {129BFF76-64CF-58CF-DC96-BCC7EDF7B7CD}
		{A9EA5375-FA9C-4C31-8E7C-087136554F33} = {F47D1B56-F8EC-B3E6-DA05-ECBB2984BB3F}
		{2C12C1CA-977E-47F1-BADC-591206CB1A89} = {EB583A3F-73CE-5E85-8744-46F5C7D4BFE3}
		{169078A9-8DE8-462B-900B-79B5E9CFC277} = {4E339E89-0F03-66FD-19CB-86FF43162F4E}
		{5DD9E837-AFA4-4A84-91E7-B825886C3EC9} = {3F58B9F6-6AEB-4396-DB2B-19551D1B02B5}
		{34166B95-654A-456C-A870-0A288BB85888} = {B8C31F1E-FC64-1621-C921-2C10928F0E22}
		{0BCA49B9-BDC6-493B-8C64-5A75428BB8B6} = {C29B90A4-BA29-2387-4F5D-1ADF5E8D164C}
		{E48DF174-362A-4D5A-8EB1-474D5B29931A} = {A3BDE14D-3A04-FB8D-CFD6-15DE45FEDCAE}
		{91152B72-26DF-4788-9201-7E06D9F833E6} = {4DE75081-A5AA-2B24-1B8C-5679AA9F3695}
		{1FC813BC-1D9A-49F1-BE5A-B68D45FFEFDA} = {6EC63518-07B9-7203-F323-EA822170C6AD}
		{D977FF8F-78E4-4E54-83E5-DA2E0273AC77} = {C29B90A4-BA29-2387-4F5D-1ADF5E8D164C}
		{EC181487-BC0A-4816-A794-9B573D6FCAD2} = {A3BDE14D-3A04-FB8D-CFD6-15DE45FEDCAE}
		{03B5C74D-0833-4A0F-8737-32379B2B390B} = {3C249BD3-DE40-C7BC-C3D6-01F9B2603281}
		{202E0D00-4B28-415E-ACCF-287AA8D56EFE} = {9A895F05-BE56-2DC5-2742-AE93BCDD27A3}
		{DF9BEF4A-144D-4B26-985F-475CA62ED999} = {3C249BD3-DE40-C7BC-C3D6-01F9B2603281}
		{0444874F-61B7-4E27-BC68-377A8DF4A2D0} = {9A895F05-BE56-2DC5-2742-AE93BCDD27A3}
		{6A3E1CBA-EF23-41B7-AC7A-0A6493EEA500} = {E4A68D34-8305-8253-9A2C-030192CD4DB6}
		{8AA4FB5D-AAA0-4B97-B781-7FCD5A21428B} = {E4A68D34-8305-8253-9A2C-030192CD4DB6}
		{3C694576-0E89-4D04-A469-CBA9C10DFB7F} = {3C249BD3-DE40-C7BC-C3D6-01F9B2603281}
		{C6C094DE-09E3-4A02-A183-DE3C483B0080} = {9A895F05-BE56-2DC5-2742-AE93BCDD27A3}
		{D857E1AF-8C4E-4359-93F6-26F7B9606F22} = {3C249BD3-DE40-C7BC-C3D6-01F9B2603281}
		{40A37D06-EDB9-4846-B076-29E75CEAD486} = {B066EA82-56E3-533A-700C-77407DD6F4F7}
		{FB7B9977-85C2-4518-B715-6C8035772817} = {F7EDC89C-2AEC-FD71-A886-01A93EC95ED7}
		{A04D509E-32C4-4BDE-A279-A2AF6B5F0B32} = {C182800E-ECEC-0C15-61DF-4B215DF72AE7}
		{EF13344A-D0D0-4166-AE16-4BD5FC7F1C7F} = {65C02EE7-0E21-07EA-7A14-F1E620E1512F}
		{1C92FC6B-8E92-43A1-8C92-0614D7AA5FF1} = {14FDBCFB-F1D7-D9C8-9E68-F0D444AFFC66}
		{377B0C91-465C-4132-9671-FED7D40783C5} = {51AFCC8F-16F6-EF5C-5380-4E80DA87DA6F}
		{53922F17-6D44-469A-A5C1-FC1D0CD94669} = {0F0770E9-4745-AC28-AB9E-649D181DB88E}
		{6F6E302B-D514-4165-BC77-4DA65CD671CB} = {8AAED54F-74AC-1F5E-3BD0-36C5C0A1B0CE}
		{155B31BA-18AD-40E6-9FDD-A7F8842CC0D6} = {43DCB738-A772-A58E-4DEA-0360A5A59EDE}
		{D33D8BAA-6A9F-4BBD-8796-10C553D81956} = {43DCB738-A772-A58E-4DEA-0360A5A59EDE}
		{24049C02-CEBD-453B-98B8-D71A524EE1F3} = {0EB3C67B-BD11-F673-B216-BE4F15D068EC}
	EndGlobalSection
EndGlobal
