
Microsoft Visual Studio Solution File, Format Version 12.00
# Visual Studio Version 17
VisualStudioVersion = 17.0.31903.59
MinimumVisualStudioVersion = 10.0.40219.1
Project("{2150E333-8FDC-42A3-9474-1A3956D46DE8}") = "sdks", "sdks", "{665A7CC4-0863-C354-E4B4-45BC1E6FE98B}"
EndProject
Project("{2150E333-8FDC-42A3-9474-1A3956D46DE8}") = "client", "client", "{129BFF76-64CF-58CF-DC96-BCC7EDF7B7CD}"
EndProject
Project("{FAE04EC0-301F-11D3-BF4B-00C04F79EFBC}") = "Bannou.Client", "client\Bannou.Client.csproj", "{CA74A005-94B5-46EA-9531-ABD6E8975E2A}"
EndProject
Project("{2150E333-8FDC-42A3-9474-1A3956D46DE8}") = "client.tests", "client.tests", "{F47D1B56-F8EC-B3E6-DA05-ECBB2984BB3F}"
EndProject
Project("{FAE04EC0-301F-11D3-BF4B-00C04F79EFBC}") = "Bannou.Client.Tests", "client.tests\Bannou.Client.Tests.csproj", "{A9EA5375-FA9C-4C31-8E7C-087136554F33}"
EndProject
Project("{2150E333-8FDC-42A3-9474-1A3956D46DE8}") = "server", "server", "{3F58B9F6-6AEB-4396-DB2B-19551D1B02B5}"
EndProject
Project("{FAE04EC0-301F-11D3-BF4B-00C04F79EFBC}") = "Bannou.Server", "server\Bannou.Server.csproj", "{5DD9E837-AFA4-4A84-91E7-B825886C3EC9}"
EndProject
Project("{2150E333-8FDC-42A3-9474-1A3956D46DE8}") = "server.tests", "server.tests", "{B8C31F1E-FC64-1621-C921-2C10928F0E22}"
EndProject
Project("{FAE04EC0-301F-11D3-BF4B-00C04F79EFBC}") = "Bannou.Server.Tests", "server.tests\Bannou.Server.Tests.csproj", "{34166B95-654A-456C-A870-0A288BB85888}"
EndProject
Project("{2150E333-8FDC-42A3-9474-1A3956D46DE8}") = "client-voice", "client-voice", "{EB583A3F-73CE-5E85-8744-46F5C7D4BFE3}"
EndProject
Project("{FAE04EC0-301F-11D3-BF4B-00C04F79EFBC}") = "Bannou.Client.Voice", "client-voice\Bannou.Client.Voice.csproj", "{2C12C1CA-977E-47F1-BADC-591206CB1A89}"
EndProject
Project("{2150E333-8FDC-42A3-9474-1A3956D46DE8}") = "client-voice.tests", "client-voice.tests", "{4E339E89-0F03-66FD-19CB-86FF43162F4E}"
EndProject
Project("{FAE04EC0-301F-11D3-BF4B-00C04F79EFBC}") = "Bannou.Client.Voice.Tests", "client-voice.tests\Bannou.Client.Voice.Tests.csproj", "{169078A9-8DE8-462B-900B-79B5E9CFC277}"
EndProject
Project("{2150E333-8FDC-42A3-9474-1A3956D46DE8}") = "scene-composer", "scene-composer", "{B066EA82-56E3-533A-700C-77407DD6F4F7}"
EndProject
Project("{FAE04EC0-301F-11D3-BF4B-00C04F79EFBC}") = "Bannou.SceneComposer", "scene-composer\Bannou.SceneComposer.csproj", "{40A37D06-EDB9-4846-B076-29E75CEAD486}"
EndProject
Project("{2150E333-8FDC-42A3-9474-1A3956D46DE8}") = "scene-composer.tests", "scene-composer.tests", "{F7EDC89C-2AEC-FD71-A886-01A93EC95ED7}"
EndProject
Project("{FAE04EC0-301F-11D3-BF4B-00C04F79EFBC}") = "Bannou.SceneComposer.Tests", "scene-composer.tests\Bannou.SceneComposer.Tests.csproj", "{FB7B9977-85C2-4518-B715-6C8035772817}"
EndProject
Project("{2150E333-8FDC-42A3-9474-1A3956D46DE8}") = "scene-composer-stride", "scene-composer-stride", "{14FDBCFB-F1D7-D9C8-9E68-F0D444AFFC66}"
EndProject
Project("{FAE04EC0-301F-11D3-BF4B-00C04F79EFBC}") = "Bannou.Stride.SceneComposer", "scene-composer-stride\Bannou.Stride.SceneComposer.csproj", "{1C92FC6B-8E92-43A1-8C92-0614D7AA5FF1}"
EndProject
Project("{2150E333-8FDC-42A3-9474-1A3956D46DE8}") = "scene-composer-stride.tests", "scene-composer-stride.tests", "{51AFCC8F-16F6-EF5C-5380-4E80DA87DA6F}"
EndProject
Project("{FAE04EC0-301F-11D3-BF4B-00C04F79EFBC}") = "Bannou.Stride.SceneComposer.Tests", "scene-composer-stride.tests\Bannou.Stride.SceneComposer.Tests.csproj", "{377B0C91-465C-4132-9671-FED7D40783C5}"
EndProject
Project("{2150E333-8FDC-42A3-9474-1A3956D46DE8}") = "scene-composer-godot", "scene-composer-godot", "{C182800E-ECEC-0C15-61DF-4B215DF72AE7}"
EndProject
Project("{FAE04EC0-301F-11D3-BF4B-00C04F79EFBC}") = "Bannou.Godot.SceneComposer", "scene-composer-godot\Bannou.Godot.SceneComposer.csproj", "{A04D509E-32C4-4BDE-A279-A2AF6B5F0B32}"
EndProject
Project("{2150E333-8FDC-42A3-9474-1A3956D46DE8}") = "scene-composer-godot.tests", "scene-composer-godot.tests", "{65C02EE7-0E21-07EA-7A14-F1E620E1512F}"
EndProject
Project("{FAE04EC0-301F-11D3-BF4B-00C04F79EFBC}") = "Bannou.Godot.SceneComposer.Tests", "scene-composer-godot.tests\Bannou.Godot.SceneComposer.Tests.csproj", "{EF13344A-D0D0-4166-AE16-4BD5FC7F1C7F}"
EndProject
Project("{2150E333-8FDC-42A3-9474-1A3956D46DE8}") = "examples", "examples", "{B36A84DF-456D-A817-6EDD-3EC3E7F6E11F}"
EndProject
Project("{2150E333-8FDC-42A3-9474-1A3956D46DE8}") = "godot-scene-composer", "godot-scene-composer", "{0F0770E9-4745-AC28-AB9E-649D181DB88E}"
EndProject
Project("{FAE04EC0-301F-11D3-BF4B-00C04F79EFBC}") = "godot-scene-composer-demo", "..\examples\godot-scene-composer\godot-scene-composer-demo.csproj", "{53922F17-6D44-469A-A5C1-FC1D0CD94669}"
EndProject
Project("{2150E333-8FDC-42A3-9474-1A3956D46DE8}") = "asset-bundler", "asset-bundler", "{DE75F469-A10D-45AC-CE70-86F40E05F106}"
EndProject
Project("{FAE04EC0-301F-11D3-BF4B-00C04F79EFBC}") = "Bannou.AssetBundler", "asset-bundler\Bannou.AssetBundler.csproj", "{0BCA49B9-BDC6-493B-8C64-5A75428BB8B6}"
EndProject
Project("{FAE04EC0-301F-11D3-BF4B-00C04F79EFBC}") = "Bannou.AssetBundler.Stride", "asset-bundler-stride\Bannou.AssetBundler.Stride.csproj", "{D977FF8F-78E4-4E54-83E5-DA2E0273AC77}"
EndProject
Global
	GlobalSection(SolutionConfigurationPlatforms) = preSolution
		Debug|Any CPU = Debug|Any CPU
		Debug|x64 = Debug|x64
		Debug|x86 = Debug|x86
		Release|Any CPU = Release|Any CPU
		Release|x64 = Release|x64
		Release|x86 = Release|x86
	EndGlobalSection
	GlobalSection(ProjectConfigurationPlatforms) = postSolution
		{CA74A005-94B5-46EA-9531-ABD6E8975E2A}.Debug|Any CPU.ActiveCfg = Debug|Any CPU
		{CA74A005-94B5-46EA-9531-ABD6E8975E2A}.Debug|Any CPU.Build.0 = Debug|Any CPU
		{CA74A005-94B5-46EA-9531-ABD6E8975E2A}.Debug|x64.ActiveCfg = Debug|Any CPU
		{CA74A005-94B5-46EA-9531-ABD6E8975E2A}.Debug|x64.Build.0 = Debug|Any CPU
		{CA74A005-94B5-46EA-9531-ABD6E8975E2A}.Debug|x86.ActiveCfg = Debug|Any CPU
		{CA74A005-94B5-46EA-9531-ABD6E8975E2A}.Debug|x86.Build.0 = Debug|Any CPU
		{CA74A005-94B5-46EA-9531-ABD6E8975E2A}.Release|Any CPU.ActiveCfg = Release|Any CPU
		{CA74A005-94B5-46EA-9531-ABD6E8975E2A}.Release|Any CPU.Build.0 = Release|Any CPU
		{CA74A005-94B5-46EA-9531-ABD6E8975E2A}.Release|x64.ActiveCfg = Release|Any CPU
		{CA74A005-94B5-46EA-9531-ABD6E8975E2A}.Release|x64.Build.0 = Release|Any CPU
		{CA74A005-94B5-46EA-9531-ABD6E8975E2A}.Release|x86.ActiveCfg = Release|Any CPU
		{CA74A005-94B5-46EA-9531-ABD6E8975E2A}.Release|x86.Build.0 = Release|Any CPU
		{A9EA5375-FA9C-4C31-8E7C-087136554F33}.Debug|Any CPU.ActiveCfg = Debug|Any CPU
		{A9EA5375-FA9C-4C31-8E7C-087136554F33}.Debug|Any CPU.Build.0 = Debug|Any CPU
		{A9EA5375-FA9C-4C31-8E7C-087136554F33}.Debug|x64.ActiveCfg = Debug|Any CPU
		{A9EA5375-FA9C-4C31-8E7C-087136554F33}.Debug|x64.Build.0 = Debug|Any CPU
		{A9EA5375-FA9C-4C31-8E7C-087136554F33}.Debug|x86.ActiveCfg = Debug|Any CPU
		{A9EA5375-FA9C-4C31-8E7C-087136554F33}.Debug|x86.Build.0 = Debug|Any CPU
		{A9EA5375-FA9C-4C31-8E7C-087136554F33}.Release|Any CPU.ActiveCfg = Release|Any CPU
		{A9EA5375-FA9C-4C31-8E7C-087136554F33}.Release|Any CPU.Build.0 = Release|Any CPU
		{A9EA5375-FA9C-4C31-8E7C-087136554F33}.Release|x64.ActiveCfg = Release|Any CPU
		{A9EA5375-FA9C-4C31-8E7C-087136554F33}.Release|x64.Build.0 = Release|Any CPU
		{A9EA5375-FA9C-4C31-8E7C-087136554F33}.Release|x86.ActiveCfg = Release|Any CPU
		{A9EA5375-FA9C-4C31-8E7C-087136554F33}.Release|x86.Build.0 = Release|Any CPU
		{5DD9E837-AFA4-4A84-91E7-B825886C3EC9}.Debug|Any CPU.ActiveCfg = Debug|Any CPU
		{5DD9E837-AFA4-4A84-91E7-B825886C3EC9}.Debug|Any CPU.Build.0 = Debug|Any CPU
		{5DD9E837-AFA4-4A84-91E7-B825886C3EC9}.Debug|x64.ActiveCfg = Debug|Any CPU
		{5DD9E837-AFA4-4A84-91E7-B825886C3EC9}.Debug|x64.Build.0 = Debug|Any CPU
		{5DD9E837-AFA4-4A84-91E7-B825886C3EC9}.Debug|x86.ActiveCfg = Debug|Any CPU
		{5DD9E837-AFA4-4A84-91E7-B825886C3EC9}.Debug|x86.Build.0 = Debug|Any CPU
		{5DD9E837-AFA4-4A84-91E7-B825886C3EC9}.Release|Any CPU.ActiveCfg = Release|Any CPU
		{5DD9E837-AFA4-4A84-91E7-B825886C3EC9}.Release|Any CPU.Build.0 = Release|Any CPU
		{5DD9E837-AFA4-4A84-91E7-B825886C3EC9}.Release|x64.ActiveCfg = Release|Any CPU
		{5DD9E837-AFA4-4A84-91E7-B825886C3EC9}.Release|x64.Build.0 = Release|Any CPU
		{5DD9E837-AFA4-4A84-91E7-B825886C3EC9}.Release|x86.ActiveCfg = Release|Any CPU
		{5DD9E837-AFA4-4A84-91E7-B825886C3EC9}.Release|x86.Build.0 = Release|Any CPU
		{34166B95-654A-456C-A870-0A288BB85888}.Debug|Any CPU.ActiveCfg = Debug|Any CPU
		{34166B95-654A-456C-A870-0A288BB85888}.Debug|Any CPU.Build.0 = Debug|Any CPU
		{34166B95-654A-456C-A870-0A288BB85888}.Debug|x64.ActiveCfg = Debug|Any CPU
		{34166B95-654A-456C-A870-0A288BB85888}.Debug|x64.Build.0 = Debug|Any CPU
		{34166B95-654A-456C-A870-0A288BB85888}.Debug|x86.ActiveCfg = Debug|Any CPU
		{34166B95-654A-456C-A870-0A288BB85888}.Debug|x86.Build.0 = Debug|Any CPU
		{34166B95-654A-456C-A870-0A288BB85888}.Release|Any CPU.ActiveCfg = Release|Any CPU
		{34166B95-654A-456C-A870-0A288BB85888}.Release|Any CPU.Build.0 = Release|Any CPU
		{34166B95-654A-456C-A870-0A288BB85888}.Release|x64.ActiveCfg = Release|Any CPU
		{34166B95-654A-456C-A870-0A288BB85888}.Release|x64.Build.0 = Release|Any CPU
		{34166B95-654A-456C-A870-0A288BB85888}.Release|x86.ActiveCfg = Release|Any CPU
		{34166B95-654A-456C-A870-0A288BB85888}.Release|x86.Build.0 = Release|Any CPU
		{2C12C1CA-977E-47F1-BADC-591206CB1A89}.Debug|Any CPU.ActiveCfg = Debug|Any CPU
		{2C12C1CA-977E-47F1-BADC-591206CB1A89}.Debug|Any CPU.Build.0 = Debug|Any CPU
		{2C12C1CA-977E-47F1-BADC-591206CB1A89}.Debug|x64.ActiveCfg = Debug|Any CPU
		{2C12C1CA-977E-47F1-BADC-591206CB1A89}.Debug|x64.Build.0 = Debug|Any CPU
		{2C12C1CA-977E-47F1-BADC-591206CB1A89}.Debug|x86.ActiveCfg = Debug|Any CPU
		{2C12C1CA-977E-47F1-BADC-591206CB1A89}.Debug|x86.Build.0 = Debug|Any CPU
		{2C12C1CA-977E-47F1-BADC-591206CB1A89}.Release|Any CPU.ActiveCfg = Release|Any CPU
		{2C12C1CA-977E-47F1-BADC-591206CB1A89}.Release|Any CPU.Build.0 = Release|Any CPU
		{2C12C1CA-977E-47F1-BADC-591206CB1A89}.Release|x64.ActiveCfg = Release|Any CPU
		{2C12C1CA-977E-47F1-BADC-591206CB1A89}.Release|x64.Build.0 = Release|Any CPU
		{2C12C1CA-977E-47F1-BADC-591206CB1A89}.Release|x86.ActiveCfg = Release|Any CPU
		{2C12C1CA-977E-47F1-BADC-591206CB1A89}.Release|x86.Build.0 = Release|Any CPU
		{169078A9-8DE8-462B-900B-79B5E9CFC277}.Debug|Any CPU.ActiveCfg = Debug|Any CPU
		{169078A9-8DE8-462B-900B-79B5E9CFC277}.Debug|Any CPU.Build.0 = Debug|Any CPU
		{169078A9-8DE8-462B-900B-79B5E9CFC277}.Debug|x64.ActiveCfg = Debug|Any CPU
		{169078A9-8DE8-462B-900B-79B5E9CFC277}.Debug|x64.Build.0 = Debug|Any CPU
		{169078A9-8DE8-462B-900B-79B5E9CFC277}.Debug|x86.ActiveCfg = Debug|Any CPU
		{169078A9-8DE8-462B-900B-79B5E9CFC277}.Debug|x86.Build.0 = Debug|Any CPU
		{169078A9-8DE8-462B-900B-79B5E9CFC277}.Release|Any CPU.ActiveCfg = Release|Any CPU
		{169078A9-8DE8-462B-900B-79B5E9CFC277}.Release|Any CPU.Build.0 = Release|Any CPU
		{169078A9-8DE8-462B-900B-79B5E9CFC277}.Release|x64.ActiveCfg = Release|Any CPU
		{169078A9-8DE8-462B-900B-79B5E9CFC277}.Release|x64.Build.0 = Release|Any CPU
		{169078A9-8DE8-462B-900B-79B5E9CFC277}.Release|x86.ActiveCfg = Release|Any CPU
		{169078A9-8DE8-462B-900B-79B5E9CFC277}.Release|x86.Build.0 = Release|Any CPU
		{40A37D06-EDB9-4846-B076-29E75CEAD486}.Debug|Any CPU.ActiveCfg = Debug|Any CPU
		{40A37D06-EDB9-4846-B076-29E75CEAD486}.Debug|Any CPU.Build.0 = Debug|Any CPU
		{40A37D06-EDB9-4846-B076-29E75CEAD486}.Debug|x64.ActiveCfg = Debug|Any CPU
		{40A37D06-EDB9-4846-B076-29E75CEAD486}.Debug|x64.Build.0 = Debug|Any CPU
		{40A37D06-EDB9-4846-B076-29E75CEAD486}.Debug|x86.ActiveCfg = Debug|Any CPU
		{40A37D06-EDB9-4846-B076-29E75CEAD486}.Debug|x86.Build.0 = Debug|Any CPU
		{40A37D06-EDB9-4846-B076-29E75CEAD486}.Release|Any CPU.ActiveCfg = Release|Any CPU
		{40A37D06-EDB9-4846-B076-29E75CEAD486}.Release|Any CPU.Build.0 = Release|Any CPU
		{40A37D06-EDB9-4846-B076-29E75CEAD486}.Release|x64.ActiveCfg = Release|Any CPU
		{40A37D06-EDB9-4846-B076-29E75CEAD486}.Release|x64.Build.0 = Release|Any CPU
		{40A37D06-EDB9-4846-B076-29E75CEAD486}.Release|x86.ActiveCfg = Release|Any CPU
		{40A37D06-EDB9-4846-B076-29E75CEAD486}.Release|x86.Build.0 = Release|Any CPU
		{FB7B9977-85C2-4518-B715-6C8035772817}.Debug|Any CPU.ActiveCfg = Debug|Any CPU
		{FB7B9977-85C2-4518-B715-6C8035772817}.Debug|Any CPU.Build.0 = Debug|Any CPU
		{FB7B9977-85C2-4518-B715-6C8035772817}.Debug|x64.ActiveCfg = Debug|Any CPU
		{FB7B9977-85C2-4518-B715-6C8035772817}.Debug|x64.Build.0 = Debug|Any CPU
		{FB7B9977-85C2-4518-B715-6C8035772817}.Debug|x86.ActiveCfg = Debug|Any CPU
		{FB7B9977-85C2-4518-B715-6C8035772817}.Debug|x86.Build.0 = Debug|Any CPU
		{FB7B9977-85C2-4518-B715-6C8035772817}.Release|Any CPU.ActiveCfg = Release|Any CPU
		{FB7B9977-85C2-4518-B715-6C8035772817}.Release|Any CPU.Build.0 = Release|Any CPU
		{FB7B9977-85C2-4518-B715-6C8035772817}.Release|x64.ActiveCfg = Release|Any CPU
		{FB7B9977-85C2-4518-B715-6C8035772817}.Release|x64.Build.0 = Release|Any CPU
		{FB7B9977-85C2-4518-B715-6C8035772817}.Release|x86.ActiveCfg = Release|Any CPU
		{FB7B9977-85C2-4518-B715-6C8035772817}.Release|x86.Build.0 = Release|Any CPU
		{1C92FC6B-8E92-43A1-8C92-0614D7AA5FF1}.Debug|Any CPU.ActiveCfg = Debug|Any CPU
		{1C92FC6B-8E92-43A1-8C92-0614D7AA5FF1}.Debug|Any CPU.Build.0 = Debug|Any CPU
		{1C92FC6B-8E92-43A1-8C92-0614D7AA5FF1}.Debug|x64.ActiveCfg = Debug|Any CPU
		{1C92FC6B-8E92-43A1-8C92-0614D7AA5FF1}.Debug|x64.Build.0 = Debug|Any CPU
		{1C92FC6B-8E92-43A1-8C92-0614D7AA5FF1}.Debug|x86.ActiveCfg = Debug|Any CPU
		{1C92FC6B-8E92-43A1-8C92-0614D7AA5FF1}.Debug|x86.Build.0 = Debug|Any CPU
		{1C92FC6B-8E92-43A1-8C92-0614D7AA5FF1}.Release|Any CPU.ActiveCfg = Release|Any CPU
		{1C92FC6B-8E92-43A1-8C92-0614D7AA5FF1}.Release|Any CPU.Build.0 = Release|Any CPU
		{1C92FC6B-8E92-43A1-8C92-0614D7AA5FF1}.Release|x64.ActiveCfg = Release|Any CPU
		{1C92FC6B-8E92-43A1-8C92-0614D7AA5FF1}.Release|x64.Build.0 = Release|Any CPU
		{1C92FC6B-8E92-43A1-8C92-0614D7AA5FF1}.Release|x86.ActiveCfg = Release|Any CPU
		{1C92FC6B-8E92-43A1-8C92-0614D7AA5FF1}.Release|x86.Build.0 = Release|Any CPU
		{377B0C91-465C-4132-9671-FED7D40783C5}.Debug|Any CPU.ActiveCfg = Debug|Any CPU
		{377B0C91-465C-4132-9671-FED7D40783C5}.Debug|Any CPU.Build.0 = Debug|Any CPU
		{377B0C91-465C-4132-9671-FED7D40783C5}.Debug|x64.ActiveCfg = Debug|Any CPU
		{377B0C91-465C-4132-9671-FED7D40783C5}.Debug|x64.Build.0 = Debug|Any CPU
		{377B0C91-465C-4132-9671-FED7D40783C5}.Debug|x86.ActiveCfg = Debug|Any CPU
		{377B0C91-465C-4132-9671-FED7D40783C5}.Debug|x86.Build.0 = Debug|Any CPU
		{377B0C91-465C-4132-9671-FED7D40783C5}.Release|Any CPU.ActiveCfg = Release|Any CPU
		{377B0C91-465C-4132-9671-FED7D40783C5}.Release|Any CPU.Build.0 = Release|Any CPU
		{377B0C91-465C-4132-9671-FED7D40783C5}.Release|x64.ActiveCfg = Release|Any CPU
		{377B0C91-465C-4132-9671-FED7D40783C5}.Release|x64.Build.0 = Release|Any CPU
		{377B0C91-465C-4132-9671-FED7D40783C5}.Release|x86.ActiveCfg = Release|Any CPU
		{377B0C91-465C-4132-9671-FED7D40783C5}.Release|x86.Build.0 = Release|Any CPU
		{A04D509E-32C4-4BDE-A279-A2AF6B5F0B32}.Debug|Any CPU.ActiveCfg = Debug|Any CPU
		{A04D509E-32C4-4BDE-A279-A2AF6B5F0B32}.Debug|Any CPU.Build.0 = Debug|Any CPU
		{A04D509E-32C4-4BDE-A279-A2AF6B5F0B32}.Debug|x64.ActiveCfg = Debug|Any CPU
		{A04D509E-32C4-4BDE-A279-A2AF6B5F0B32}.Debug|x64.Build.0 = Debug|Any CPU
		{A04D509E-32C4-4BDE-A279-A2AF6B5F0B32}.Debug|x86.ActiveCfg = Debug|Any CPU
		{A04D509E-32C4-4BDE-A279-A2AF6B5F0B32}.Debug|x86.Build.0 = Debug|Any CPU
		{A04D509E-32C4-4BDE-A279-A2AF6B5F0B32}.Release|Any CPU.ActiveCfg = Release|Any CPU
		{A04D509E-32C4-4BDE-A279-A2AF6B5F0B32}.Release|Any CPU.Build.0 = Release|Any CPU
		{A04D509E-32C4-4BDE-A279-A2AF6B5F0B32}.Release|x64.ActiveCfg = Release|Any CPU
		{A04D509E-32C4-4BDE-A279-A2AF6B5F0B32}.Release|x64.Build.0 = Release|Any CPU
		{A04D509E-32C4-4BDE-A279-A2AF6B5F0B32}.Release|x86.ActiveCfg = Release|Any CPU
		{A04D509E-32C4-4BDE-A279-A2AF6B5F0B32}.Release|x86.Build.0 = Release|Any CPU
		{EF13344A-D0D0-4166-AE16-4BD5FC7F1C7F}.Debug|Any CPU.ActiveCfg = Debug|Any CPU
		{EF13344A-D0D0-4166-AE16-4BD5FC7F1C7F}.Debug|Any CPU.Build.0 = Debug|Any CPU
		{EF13344A-D0D0-4166-AE16-4BD5FC7F1C7F}.Debug|x64.ActiveCfg = Debug|Any CPU
		{EF13344A-D0D0-4166-AE16-4BD5FC7F1C7F}.Debug|x64.Build.0 = Debug|Any CPU
		{EF13344A-D0D0-4166-AE16-4BD5FC7F1C7F}.Debug|x86.ActiveCfg = Debug|Any CPU
		{EF13344A-D0D0-4166-AE16-4BD5FC7F1C7F}.Debug|x86.Build.0 = Debug|Any CPU
		{EF13344A-D0D0-4166-AE16-4BD5FC7F1C7F}.Release|Any CPU.ActiveCfg = Debug|Any CPU
		{EF13344A-D0D0-4166-AE16-4BD5FC7F1C7F}.Release|Any CPU.Build.0 = Debug|Any CPU
		{EF13344A-D0D0-4166-AE16-4BD5FC7F1C7F}.Release|x64.ActiveCfg = Debug|Any CPU
		{EF13344A-D0D0-4166-AE16-4BD5FC7F1C7F}.Release|x64.Build.0 = Debug|Any CPU
		{EF13344A-D0D0-4166-AE16-4BD5FC7F1C7F}.Release|x86.ActiveCfg = Debug|Any CPU
		{EF13344A-D0D0-4166-AE16-4BD5FC7F1C7F}.Release|x86.Build.0 = Debug|Any CPU
		{53922F17-6D44-469A-A5C1-FC1D0CD94669}.Debug|Any CPU.ActiveCfg = Debug|Any CPU
		{53922F17-6D44-469A-A5C1-FC1D0CD94669}.Debug|Any CPU.Build.0 = Debug|Any CPU
		{53922F17-6D44-469A-A5C1-FC1D0CD94669}.Debug|x64.ActiveCfg = Debug|Any CPU
		{53922F17-6D44-469A-A5C1-FC1D0CD94669}.Debug|x64.Build.0 = Debug|Any CPU
		{53922F17-6D44-469A-A5C1-FC1D0CD94669}.Debug|x86.ActiveCfg = Debug|Any CPU
		{53922F17-6D44-469A-A5C1-FC1D0CD94669}.Debug|x86.Build.0 = Debug|Any CPU
		{53922F17-6D44-469A-A5C1-FC1D0CD94669}.Release|Any CPU.ActiveCfg = Debug|Any CPU
		{53922F17-6D44-469A-A5C1-FC1D0CD94669}.Release|Any CPU.Build.0 = Debug|Any CPU
		{53922F17-6D44-469A-A5C1-FC1D0CD94669}.Release|x64.ActiveCfg = Debug|Any CPU
		{53922F17-6D44-469A-A5C1-FC1D0CD94669}.Release|x64.Build.0 = Debug|Any CPU
		{53922F17-6D44-469A-A5C1-FC1D0CD94669}.Release|x86.ActiveCfg = Debug|Any CPU
		{53922F17-6D44-469A-A5C1-FC1D0CD94669}.Release|x86.Build.0 = Debug|Any CPU
		{0BCA49B9-BDC6-493B-8C64-5A75428BB8B6}.Debug|Any CPU.ActiveCfg = Debug|Any CPU
		{0BCA49B9-BDC6-493B-8C64-5A75428BB8B6}.Debug|Any CPU.Build.0 = Debug|Any CPU
		{0BCA49B9-BDC6-493B-8C64-5A75428BB8B6}.Debug|x64.ActiveCfg = Debug|Any CPU
		{0BCA49B9-BDC6-493B-8C64-5A75428BB8B6}.Debug|x64.Build.0 = Debug|Any CPU
		{0BCA49B9-BDC6-493B-8C64-5A75428BB8B6}.Debug|x86.ActiveCfg = Debug|Any CPU
		{0BCA49B9-BDC6-493B-8C64-5A75428BB8B6}.Debug|x86.Build.0 = Debug|Any CPU
		{0BCA49B9-BDC6-493B-8C64-5A75428BB8B6}.Release|Any CPU.ActiveCfg = Release|Any CPU
		{0BCA49B9-BDC6-493B-8C64-5A75428BB8B6}.Release|Any CPU.Build.0 = Release|Any CPU
		{0BCA49B9-BDC6-493B-8C64-5A75428BB8B6}.Release|x64.ActiveCfg = Release|Any CPU
		{0BCA49B9-BDC6-493B-8C64-5A75428BB8B6}.Release|x64.Build.0 = Release|Any CPU
		{0BCA49B9-BDC6-493B-8C64-5A75428BB8B6}.Release|x86.ActiveCfg = Release|Any CPU
		{0BCA49B9-BDC6-493B-8C64-5A75428BB8B6}.Release|x86.Build.0 = Release|Any CPU
		{D977FF8F-78E4-4E54-83E5-DA2E0273AC77}.Debug|Any CPU.ActiveCfg = Debug|Any CPU
		{D977FF8F-78E4-4E54-83E5-DA2E0273AC77}.Debug|Any CPU.Build.0 = Debug|Any CPU
		{D977FF8F-78E4-4E54-83E5-DA2E0273AC77}.Debug|x64.ActiveCfg = Debug|Any CPU
		{D977FF8F-78E4-4E54-83E5-DA2E0273AC77}.Debug|x64.Build.0 = Debug|Any CPU
		{D977FF8F-78E4-4E54-83E5-DA2E0273AC77}.Debug|x86.ActiveCfg = Debug|Any CPU
		{D977FF8F-78E4-4E54-83E5-DA2E0273AC77}.Debug|x86.Build.0 = Debug|Any CPU
		{D977FF8F-78E4-4E54-83E5-DA2E0273AC77}.Release|Any CPU.ActiveCfg = Release|Any CPU
		{D977FF8F-78E4-4E54-83E5-DA2E0273AC77}.Release|Any CPU.Build.0 = Release|Any CPU
		{D977FF8F-78E4-4E54-83E5-DA2E0273AC77}.Release|x64.ActiveCfg = Release|Any CPU
		{D977FF8F-78E4-4E54-83E5-DA2E0273AC77}.Release|x64.Build.0 = Release|Any CPU
		{D977FF8F-78E4-4E54-83E5-DA2E0273AC77}.Release|x86.ActiveCfg = Release|Any CPU
		{D977FF8F-78E4-4E54-83E5-DA2E0273AC77}.Release|x86.Build.0 = Release|Any CPU
	EndGlobalSection
	GlobalSection(SolutionProperties) = preSolution
		HideSolutionNode = FALSE
	EndGlobalSection
	GlobalSection(NestedProjects) = preSolution
		{129BFF76-64CF-58CF-DC96-BCC7EDF7B7CD} = {665A7CC4-0863-C354-E4B4-45BC1E6FE98B}
		{CA74A005-94B5-46EA-9531-ABD6E8975E2A} = {129BFF76-64CF-58CF-DC96-BCC7EDF7B7CD}
		{F47D1B56-F8EC-B3E6-DA05-ECBB2984BB3F} = {665A7CC4-0863-C354-E4B4-45BC1E6FE98B}
		{A9EA5375-FA9C-4C31-8E7C-087136554F33} = {F47D1B56-F8EC-B3E6-DA05-ECBB2984BB3F}
		{3F58B9F6-6AEB-4396-DB2B-19551D1B02B5} = {665A7CC4-0863-C354-E4B4-45BC1E6FE98B}
		{5DD9E837-AFA4-4A84-91E7-B825886C3EC9} = {3F58B9F6-6AEB-4396-DB2B-19551D1B02B5}
		{B8C31F1E-FC64-1621-C921-2C10928F0E22} = {665A7CC4-0863-C354-E4B4-45BC1E6FE98B}
		{34166B95-654A-456C-A870-0A288BB85888} = {B8C31F1E-FC64-1621-C921-2C10928F0E22}
		{EB583A3F-73CE-5E85-8744-46F5C7D4BFE3} = {665A7CC4-0863-C354-E4B4-45BC1E6FE98B}
		{2C12C1CA-977E-47F1-BADC-591206CB1A89} = {EB583A3F-73CE-5E85-8744-46F5C7D4BFE3}
		{4E339E89-0F03-66FD-19CB-86FF43162F4E} = {665A7CC4-0863-C354-E4B4-45BC1E6FE98B}
		{169078A9-8DE8-462B-900B-79B5E9CFC277} = {4E339E89-0F03-66FD-19CB-86FF43162F4E}
		{B066EA82-56E3-533A-700C-77407DD6F4F7} = {665A7CC4-0863-C354-E4B4-45BC1E6FE98B}
		{40A37D06-EDB9-4846-B076-29E75CEAD486} = {B066EA82-56E3-533A-700C-77407DD6F4F7}
		{F7EDC89C-2AEC-FD71-A886-01A93EC95ED7} = {665A7CC4-0863-C354-E4B4-45BC1E6FE98B}
		{FB7B9977-85C2-4518-B715-6C8035772817} = {F7EDC89C-2AEC-FD71-A886-01A93EC95ED7}
		{14FDBCFB-F1D7-D9C8-9E68-F0D444AFFC66} = {665A7CC4-0863-C354-E4B4-45BC1E6FE98B}
		{1C92FC6B-8E92-43A1-8C92-0614D7AA5FF1} = {14FDBCFB-F1D7-D9C8-9E68-F0D444AFFC66}
		{51AFCC8F-16F6-EF5C-5380-4E80DA87DA6F} = {665A7CC4-0863-C354-E4B4-45BC1E6FE98B}
		{377B0C91-465C-4132-9671-FED7D40783C5} = {51AFCC8F-16F6-EF5C-5380-4E80DA87DA6F}
		{C182800E-ECEC-0C15-61DF-4B215DF72AE7} = {665A7CC4-0863-C354-E4B4-45BC1E6FE98B}
		{A04D509E-32C4-4BDE-A279-A2AF6B5F0B32} = {C182800E-ECEC-0C15-61DF-4B215DF72AE7}
		{65C02EE7-0E21-07EA-7A14-F1E620E1512F} = {665A7CC4-0863-C354-E4B4-45BC1E6FE98B}
		{EF13344A-D0D0-4166-AE16-4BD5FC7F1C7F} = {65C02EE7-0E21-07EA-7A14-F1E620E1512F}
		{0F0770E9-4745-AC28-AB9E-649D181DB88E} = {B36A84DF-456D-A817-6EDD-3EC3E7F6E11F}
		{53922F17-6D44-469A-A5C1-FC1D0CD94669} = {0F0770E9-4745-AC28-AB9E-649D181DB88E}
		{0BCA49B9-BDC6-493B-8C64-5A75428BB8B6} = {DE75F469-A10D-45AC-CE70-86F40E05F106}
		{D977FF8F-78E4-4E54-83E5-DA2E0273AC77} = {DE75F469-A10D-45AC-CE70-86F40E05F106}
	EndGlobalSection
EndGlobal
